<?xml version="1.0" encoding="utf-8"?>
<Project ToolsVersion="4.0" xmlns="http://schemas.microsoft.com/developer/msbuild/2003">
  <ItemGroup>
    <Filter Include="98.Default">
      <UniqueIdentifier>{c8fc70c9-4562-44c8-adee-b81493838b19}</UniqueIdentifier>
    </Filter>
    <Filter Include="99.Defines">
      <UniqueIdentifier>{256bc7ed-2d60-4917-8de6-df2f9e1003c8}</UniqueIdentifier>
    </Filter>
    <Filter Include="00.MainApp">
      <UniqueIdentifier>{2cfdbdba-d09d-4d9f-9f66-5e12443d9a69}</UniqueIdentifier>
    </Filter>
    <Filter Include="01.Levels">
      <UniqueIdentifier>{ccdf561b-f7b0-49d5-a8ae-5f83b27eb9d0}</UniqueIdentifier>
    </Filter>
    <Filter Include="01.Levels\00.Logo">
      <UniqueIdentifier>{8c8088f3-2d4d-4a84-b750-2f95237c0cd4}</UniqueIdentifier>
    </Filter>
    <Filter Include="01.Levels\01.GamePlay">
      <UniqueIdentifier>{5d3cbd83-1b7f-4854-902e-19363eebda3a}</UniqueIdentifier>
    </Filter>
    <Filter Include="01.Levels\99.Loading">
      <UniqueIdentifier>{c592615f-8e52-4bcb-8aa4-531b29f548fd}</UniqueIdentifier>
    </Filter>
    <Filter Include="01.Levels\99.Loading\Loader">
      <UniqueIdentifier>{e392c2b5-5a93-41cd-9971-3527a5924eae}</UniqueIdentifier>
    </Filter>
    <Filter Include="02.GameObjects">
      <UniqueIdentifier>{f4ef5773-1c76-425c-b19e-509c54dbffe7}</UniqueIdentifier>
    </Filter>
    <Filter Include="97. ImGui">
      <UniqueIdentifier>{49384f32-cdba-4959-9c8a-6d7f24a83884}</UniqueIdentifier>
    </Filter>
    <Filter Include="96. Manager">
      <UniqueIdentifier>{e218ba16-43d0-45e0-9b5c-1d937b907dac}</UniqueIdentifier>
    </Filter>
    <Filter Include="96. Manager\00. ImGuiMgr">
      <UniqueIdentifier>{b82c6a28-bf8b-4e23-8951-5997bf823805}</UniqueIdentifier>
    </Filter>
    <Filter Include="02.GameObjects\99. Test">
      <UniqueIdentifier>{d1ff858a-9de4-4a17-8faf-670dd06b6bf7}</UniqueIdentifier>
    </Filter>
    <Filter Include="94. Shader">
      <UniqueIdentifier>{c0cbb75d-9771-4660-9b58-950ec7f6b3b4}</UniqueIdentifier>
    </Filter>
    <Filter Include="95. State">
      <UniqueIdentifier>{0c9d683e-0066-45fa-8fdf-5c24b4594550}</UniqueIdentifier>
    </Filter>
    <Filter Include="95. State\00. StatMachine_State">
      <UniqueIdentifier>{bac87846-2803-44ec-9bc7-dbc904e9d306}</UniqueIdentifier>
    </Filter>
    <Filter Include="95. State\00. StatMachine_State\99.Test">
      <UniqueIdentifier>{003c3435-775a-4b58-b16e-b7610e111840}</UniqueIdentifier>
    </Filter>
    <Filter Include="95. State\00. StatMachine_State\99.Test\00. Test_State1">
      <UniqueIdentifier>{3ad95cf9-90e6-4cfe-84f2-2ef55de41265}</UniqueIdentifier>
    </Filter>
    <Filter Include="95. State\00. StatMachine_State\99.Test\01. Test_State2">
      <UniqueIdentifier>{1fcf2fb1-42e9-487d-945b-01500ef60bb6}</UniqueIdentifier>
    </Filter>
    <Filter Include="95. State\01. Tree_State">
      <UniqueIdentifier>{8ae28fda-72d2-4a8c-9298-9ccdd4a2fe24}</UniqueIdentifier>
    </Filter>
    <Filter Include="95. State\01. Tree_State\99. TestAction">
      <UniqueIdentifier>{1f58f71f-0fac-4d88-9ba0-1a4b7c285278}</UniqueIdentifier>
    </Filter>
    <Filter Include="02.GameObjects\00. BackGround">
      <UniqueIdentifier>{65412f73-5474-4ca5-9ebb-a4726e9a606b}</UniqueIdentifier>
    </Filter>
    <Filter Include="02.GameObjects\01. Terrain">
      <UniqueIdentifier>{080be7b5-4f70-4d7a-b91c-2477aa2d82d0}</UniqueIdentifier>
    </Filter>
    <Filter Include="96. Manager\00. ImGuiMgr\00. ImGui_Window">
      <UniqueIdentifier>{2a34bfab-f31f-4bc6-8c02-c775cab1e40f}</UniqueIdentifier>
    </Filter>
    <Filter Include="02.GameObjects\02. Camera">
      <UniqueIdentifier>{4700ea63-7c21-4aec-8d72-c5ddf251871d}</UniqueIdentifier>
    </Filter>
    <Filter Include="02.GameObjects\02. Camera\00. DynamicCamera">
      <UniqueIdentifier>{1bf4af10-5513-466f-a220-9b27e556b546}</UniqueIdentifier>
    </Filter>
    <Filter Include="02.GameObjects\98. Demo">
      <UniqueIdentifier>{328f5b1e-8e06-41d8-a546-79690d9ef60b}</UniqueIdentifier>
    </Filter>
    <Filter Include="02.GameObjects\98. Demo\00. Terrain">
      <UniqueIdentifier>{2ce697e0-d493-4b05-956a-209a3b41de42}</UniqueIdentifier>
    </Filter>
    <Filter Include="01.Levels\98. Tool">
      <UniqueIdentifier>{355bc8f2-fec5-4df6-a523-a62e10252c6b}</UniqueIdentifier>
    </Filter>
    <Filter Include="96. Manager\00. ImGuiMgr\00. ImGui_Window\00. Terrain_Window">
      <UniqueIdentifier>{796bacf9-694a-4c84-9f29-d13cfcdfb860}</UniqueIdentifier>
    </Filter>
    <Filter Include="96. Manager\00. ImGuiMgr\00. ImGui_Window\01. Camera_Window">
      <UniqueIdentifier>{6a2b4e37-d078-4dcf-b5b1-4f09fafab680}</UniqueIdentifier>
    </Filter>
    <Filter Include="02.GameObjects\98. Demo\01. ObjectMesh">
      <UniqueIdentifier>{0b9b1f49-8951-4384-b03d-7d2f4c08e2d5}</UniqueIdentifier>
    </Filter>
    <Filter Include="02.GameObjects\98. Demo\00. Terrain\00. Mark">
      <UniqueIdentifier>{ff21d118-ed70-4458-8d6c-59a4737110af}</UniqueIdentifier>
    </Filter>
    <Filter Include="96. Manager\00. ImGuiMgr\00. ImGui_Window\02. Object_Window">
      <UniqueIdentifier>{099afb02-5b3a-40ab-8585-4d6f99541685}</UniqueIdentifier>
    </Filter>
    <Filter Include="96. Manager\00. ImGuiMgr\00. ImGui_Window\03. Mouse_WIndow">
      <UniqueIdentifier>{8fa861cc-e864-4d79-b28a-8e7e1872ffbb}</UniqueIdentifier>
    </Filter>
    <Filter Include="02.GameObjects\98. Demo\02. ObjectAnimMesh">
      <UniqueIdentifier>{96d709e8-5d3e-4238-bdad-411bcef46676}</UniqueIdentifier>
    </Filter>
    <Filter Include="97. ImGui\ImGuiFileDialog">
      <UniqueIdentifier>{5ddcb7e7-5639-4bd2-b3c5-fe5a992e26d3}</UniqueIdentifier>
    </Filter>
    <Filter Include="02.GameObjects\05. Character">
      <UniqueIdentifier>{9213d9ae-3b36-4700-bead-33fd73624f7a}</UniqueIdentifier>
    </Filter>
    <Filter Include="02.GameObjects\05. Character\00.Player">
      <UniqueIdentifier>{8d338008-ef76-4dd0-8e37-3dd29ea64281}</UniqueIdentifier>
    </Filter>
    <Filter Include="96. Manager\00. ImGuiMgr\00. ImGui_Window\04. Animation_Window">
      <UniqueIdentifier>{d1d24db2-b585-4029-b4e7-c09f5047264d}</UniqueIdentifier>
    </Filter>
    <Filter Include="02.GameObjects\98. Demo\03. SubObject">
      <UniqueIdentifier>{ccd61366-39bc-478f-9a4b-e347f3f78d42}</UniqueIdentifier>
    </Filter>
    <Filter Include="02.GameObjects\05. Character\01. Monster">
      <UniqueIdentifier>{b3771ddd-6bc0-4b13-b364-540f9d4c5062}</UniqueIdentifier>
    </Filter>
    <Filter Include="02.GameObjects\05. Character\01. Monster\00.Normal">
      <UniqueIdentifier>{3898e13b-db2b-49f9-8bbf-565739bbfb73}</UniqueIdentifier>
    </Filter>
    <Filter Include="02.GameObjects\05. Character\01. Monster\01. Boss">
      <UniqueIdentifier>{8542fb10-d53b-4774-a1ac-f68624cd6a3d}</UniqueIdentifier>
    </Filter>
    <Filter Include="02.GameObjects\05. Character\01. Monster\00.Normal\00. Spooketon">
      <UniqueIdentifier>{e307f72b-9f4d-4c29-9c8e-dfd6555d66ae}</UniqueIdentifier>
    </Filter>
    <Filter Include="02.GameObjects\05. Character\01. Monster\00.Normal\01. SkullCrossBow">
      <UniqueIdentifier>{836144b6-7437-4b76-8dd9-27a78a00c1ab}</UniqueIdentifier>
    </Filter>
    <Filter Include="02.GameObjects\05. Character\01. Monster\01. Boss\00. HelicoScarrow">
      <UniqueIdentifier>{e0407a50-8916-4898-93bc-cdbc2b1c4426}</UniqueIdentifier>
    </Filter>
    <Filter Include="95. State\01. Tree_State\00. Normal_Monster">
      <UniqueIdentifier>{4dda60cb-2dad-46fe-8419-3f9925a930ed}</UniqueIdentifier>
    </Filter>
    <Filter Include="95. State\01. Tree_State\00. Normal_Monster\00. IDLE">
      <UniqueIdentifier>{cd5f76b9-5bf4-4773-8b43-c9ad32cf0246}</UniqueIdentifier>
    </Filter>
    <Filter Include="95. State\01. Tree_State\00. Normal_Monster\01. Move">
      <UniqueIdentifier>{0bfed82c-547e-4df3-99c0-6ccbb2cb13ff}</UniqueIdentifier>
    </Filter>
    <Filter Include="95. State\01. Tree_State\00. Normal_Monster\02. Attack">
      <UniqueIdentifier>{9933cfd8-5f7a-4539-9de5-e3cb754fe145}</UniqueIdentifier>
    </Filter>
    <Filter Include="95. State\01. Tree_State\00. Normal_Monster\03. Delay">
      <UniqueIdentifier>{6282416b-1d6a-4471-907c-b6638a478303}</UniqueIdentifier>
    </Filter>
    <Filter Include="95. State\01. Tree_State\00. Normal_Monster\04. Dead">
      <UniqueIdentifier>{b9b3774d-4383-4ca5-b5a5-3ff34f24ce4c}</UniqueIdentifier>
    </Filter>
    <Filter Include="95. State\01. Tree_State\01. Boss_Monster">
      <UniqueIdentifier>{d3c3fa03-6cbe-4a22-9457-75821d7b8d6e}</UniqueIdentifier>
    </Filter>
    <Filter Include="02.GameObjects\02. Camera\01. TargetCamera">
      <UniqueIdentifier>{a429d128-fd7c-44b5-adf7-3635dc2f210e}</UniqueIdentifier>
    </Filter>
    <Filter Include="02.GameObjects\05. Character\00.Player\00. Parts">
      <UniqueIdentifier>{a02248a7-e86b-47aa-a960-b9e1cf468877}</UniqueIdentifier>
    </Filter>
    <Filter Include="02.GameObjects\05. Character\00.Player\00. Parts\00. Body">
      <UniqueIdentifier>{b0b02599-f66d-4609-92ef-5f57a876faaa}</UniqueIdentifier>
    </Filter>
    <Filter Include="02.GameObjects\05. Character\00.Player\00. Parts\01. Weapon">
      <UniqueIdentifier>{7ee5992e-84b3-49ba-8738-18746dc60fe7}</UniqueIdentifier>
    </Filter>
    <Filter Include="02.GameObjects\05. Character\00.Player\00. Parts\01. Weapon\00.Spear">
      <UniqueIdentifier>{01007070-94e9-44ae-a143-aeb502a672ca}</UniqueIdentifier>
    </Filter>
    <Filter Include="02.GameObjects\05. Character\00.Player\00. Parts\02. Effect">
      <UniqueIdentifier>{581684d6-69dd-439a-b09f-1bab86109e23}</UniqueIdentifier>
    </Filter>
    <Filter Include="95. State\00. StatMachine_State\00. Character">
      <UniqueIdentifier>{9774e100-d7bf-4907-abb6-c1d411466075}</UniqueIdentifier>
    </Filter>
    <Filter Include="95. State\00. StatMachine_State\00. Character\01. Monster">
      <UniqueIdentifier>{ad1b62b8-a57a-4598-841b-753862bb6f9c}</UniqueIdentifier>
    </Filter>
    <Filter Include="95. State\00. StatMachine_State\00. Character\01. Monster\00. Normal_Monster">
      <UniqueIdentifier>{5e1153f7-9236-4731-b973-c87f76129c3f}</UniqueIdentifier>
    </Filter>
    <Filter Include="95. State\00. StatMachine_State\00. Character\01. Monster\00. Normal_Monster\00. IDLE">
      <UniqueIdentifier>{7ffc3d3e-d8ce-4dc7-8c1f-9a449be42fa9}</UniqueIdentifier>
    </Filter>
    <Filter Include="95. State\00. StatMachine_State\00. Character\01. Monster\00. Normal_Monster\01. Move">
      <UniqueIdentifier>{0405fda7-2bc9-42bb-accc-fd5a9422c524}</UniqueIdentifier>
    </Filter>
    <Filter Include="95. State\00. StatMachine_State\00. Character\01. Monster\00. Normal_Monster\02. Attack">
      <UniqueIdentifier>{4cdfd76b-a067-4edb-8147-75315b47a6bd}</UniqueIdentifier>
    </Filter>
    <Filter Include="95. State\00. StatMachine_State\00. Character\01. Monster\00. Normal_Monster\03. Delay">
      <UniqueIdentifier>{b86b879d-42de-4bde-ae26-ab7956cc153a}</UniqueIdentifier>
    </Filter>
    <Filter Include="95. State\00. StatMachine_State\00. Character\01. Monster\00. Normal_Monster\04. Dead">
      <UniqueIdentifier>{a1d77599-3530-4fc7-ae4c-bcbcd2cc6f11}</UniqueIdentifier>
    </Filter>
    <Filter Include="95. State\00. StatMachine_State\00. Character\01. Monster\00. Normal_Monster\05. Hited">
      <UniqueIdentifier>{c3dd9ecc-248a-4df8-a3f3-2771a4b84d39}</UniqueIdentifier>
    </Filter>
    <Filter Include="95. State\00. StatMachine_State\00. Character\01. Monster\01. Boss_Monster">
      <UniqueIdentifier>{f81bfbfc-7ae9-4793-a44f-59debb65e5dc}</UniqueIdentifier>
    </Filter>
    <Filter Include="95. State\00. StatMachine_State\00. Character\00. Player">
      <UniqueIdentifier>{eead81d3-55e5-479b-a00c-24de35dd9735}</UniqueIdentifier>
    </Filter>
    <Filter Include="95. State\00. StatMachine_State\00. Character\00. Player\00. IDLE">
      <UniqueIdentifier>{454d7068-de74-40b1-88ee-fa862fd13bb6}</UniqueIdentifier>
    </Filter>
    <Filter Include="95. State\00. StatMachine_State\00. Character\00. Player\01. Run">
      <UniqueIdentifier>{f7de3072-5e43-46bf-ba33-c94047391cb3}</UniqueIdentifier>
    </Filter>
    <Filter Include="95. State\00. StatMachine_State\00. Character\00. Player\02. Attack">
      <UniqueIdentifier>{fc198332-9b3d-417a-a481-0950da1fb760}</UniqueIdentifier>
    </Filter>
    <Filter Include="95. State\00. StatMachine_State\00. Character\00. Player\02. Attack\00.Common">
      <UniqueIdentifier>{4f78f72c-e977-43e6-ad71-0915a96ba114}</UniqueIdentifier>
    </Filter>
    <Filter Include="95. State\00. StatMachine_State\00. Character\00. Player\02. Attack\00.Common\00. Spear_AirAttack">
      <UniqueIdentifier>{4eeb878d-ea6e-4d00-a75b-e3663c3b4cbd}</UniqueIdentifier>
    </Filter>
    <Filter Include="95. State\00. StatMachine_State\00. Character\00. Player\02. Attack\01. Linker">
      <UniqueIdentifier>{ee130e22-a69a-436f-ae3c-f9c91a585f26}</UniqueIdentifier>
    </Filter>
    <Filter Include="95. State\00. StatMachine_State\00. Character\00. Player\02. Attack\01. Linker\00. Common">
      <UniqueIdentifier>{2356d2d3-b8df-4a95-9e42-3486857ded4f}</UniqueIdentifier>
    </Filter>
    <Filter Include="95. State\00. StatMachine_State\00. Character\00. Player\02. Attack\01. Linker\00. Common\00. Attack1">
      <UniqueIdentifier>{c08eee77-7600-4347-9026-675f15d168a2}</UniqueIdentifier>
    </Filter>
    <Filter Include="95. State\00. StatMachine_State\00. Character\00. Player\02. Attack\01. Linker\00. Common\01. Attack2">
      <UniqueIdentifier>{823cc1b4-8995-4515-a3c4-7ddf3663b64e}</UniqueIdentifier>
    </Filter>
    <Filter Include="95. State\00. StatMachine_State\00. Character\00. Player\02. Attack\01. Linker\00. Common\02. Attack3">
      <UniqueIdentifier>{6b307982-cb5e-4f36-923f-83c2a37042f6}</UniqueIdentifier>
    </Filter>
    <Filter Include="95. State\00. StatMachine_State\00. Character\00. Player\03. Jump">
      <UniqueIdentifier>{5134381e-63ae-4705-9f9f-09a2a26f2ccd}</UniqueIdentifier>
    </Filter>
    <Filter Include="95. State\00. StatMachine_State\00. Character\00. Player\04. Roll">
      <UniqueIdentifier>{8efdc2a5-28ca-404f-993a-ae3ef4c2c6bd}</UniqueIdentifier>
    </Filter>
    <Filter Include="96. Manager\01. DataMgr">
      <UniqueIdentifier>{2155bafc-5f4f-4fce-955a-a1b573964050}</UniqueIdentifier>
    </Filter>
    <Filter Include="02.GameObjects\04.Sky">
      <UniqueIdentifier>{fe461d29-f370-48b5-b135-236f99359c68}</UniqueIdentifier>
    </Filter>
    <Filter Include="02.GameObjects\05. Character\00.Player\00. Parts\01. Weapon\01. Shovel">
      <UniqueIdentifier>{aed93978-2538-4690-9286-0736a9274ed9}</UniqueIdentifier>
    </Filter>
    <Filter Include="95. State\00. StatMachine_State\00. Character\00. Player\05. Land">
      <UniqueIdentifier>{043f3495-ea69-4e8f-ad16-5bbc8472fba2}</UniqueIdentifier>
    </Filter>
    <Filter Include="02.GameObjects\05. Character\02. NPC">
      <UniqueIdentifier>{2c0f291f-7310-4cd5-82e5-c83877946ab1}</UniqueIdentifier>
    </Filter>
    <Filter Include="95. State\00. StatMachine_State\00. Character\02. NPC">
      <UniqueIdentifier>{2f1cfed1-a2f5-49fd-ba6d-875630fd4150}</UniqueIdentifier>
    </Filter>
    <Filter Include="95. State\00. StatMachine_State\00. Character\02. NPC\01. Follow">
      <UniqueIdentifier>{71f0ed0c-eb8d-4be7-9493-d19e86a67c26}</UniqueIdentifier>
    </Filter>
    <Filter Include="95. State\00. StatMachine_State\00. Character\02. NPC\00. IDLE">
      <UniqueIdentifier>{a9b06dc1-cb50-4fb6-b24c-bc54aaa4131e}</UniqueIdentifier>
    </Filter>
    <Filter Include="95. State\00. StatMachine_State\00. Character\02. NPC\02. Attack">
      <UniqueIdentifier>{81f007cc-e267-4f5e-b12b-968e014ab85d}</UniqueIdentifier>
    </Filter>
    <Filter Include="02.GameObjects\05. Character\02. NPC\00. Crow">
      <UniqueIdentifier>{9c05ec11-f6a2-4f70-8a36-92540757ae3c}</UniqueIdentifier>
    </Filter>
    <Filter Include="02.GameObjects\06. Particle">
      <UniqueIdentifier>{0a574403-3a13-4576-9d8f-341db9079438}</UniqueIdentifier>
    </Filter>
    <Filter Include="02.GameObjects\06. Particle\00. Rect">
      <UniqueIdentifier>{a2de197f-11c3-47d6-80b9-80701a452302}</UniqueIdentifier>
    </Filter>
    <Filter Include="02.GameObjects\06. Particle\01. Point">
      <UniqueIdentifier>{350ef919-b34a-49dd-a5b2-a0bf9e6c44da}</UniqueIdentifier>
    </Filter>
    <Filter Include="02.GameObjects\03. Platform">
      <UniqueIdentifier>{bcf4ed14-aae4-40d8-8cf3-52b4c49d0be8}</UniqueIdentifier>
    </Filter>
    <Filter Include="95. State\00. StatMachine_State\00. Character\00. Player\06. Fall">
      <UniqueIdentifier>{8a25b8a5-cb57-45b2-9b05-1d68e7eb4037}</UniqueIdentifier>
    </Filter>
    <Filter Include="01.Levels\02. Level_Boss1">
      <UniqueIdentifier>{46373d3d-f409-415e-8c28-8db9a288c2e0}</UniqueIdentifier>
    </Filter>
    <Filter Include="02.GameObjects\97. Trigger">
      <UniqueIdentifier>{1809758c-041d-4bf2-bdfc-49a990eb5301}</UniqueIdentifier>
    </Filter>
    <Filter Include="02.GameObjects\03. Platform\00. Normal">
      <UniqueIdentifier>{c1de3519-6195-45e8-9ca4-5c1a5dd63f4a}</UniqueIdentifier>
    </Filter>
    <Filter Include="02.GameObjects\03. Platform\01. Instancing">
      <UniqueIdentifier>{a85ed077-59c1-4a2d-ad0a-b89dd916dd8f}</UniqueIdentifier>
    </Filter>
    <Filter Include="02.GameObjects\03. Platform\02. Trap">
      <UniqueIdentifier>{e1127747-3cfa-46b7-a4b1-48734cd78b99}</UniqueIdentifier>
    </Filter>
    <Filter Include="02.GameObjects\07. Bullet">
      <UniqueIdentifier>{b94d8bd2-28d4-45c9-8ea4-a05fb810445f}</UniqueIdentifier>
    </Filter>
    <Filter Include="02.GameObjects\03. Platform\02. Trap\00. Col">
      <UniqueIdentifier>{4cb17ef6-aad7-472a-8587-f03718e7ffc5}</UniqueIdentifier>
    </Filter>
    <Filter Include="02.GameObjects\07. Bullet\01. Normal">
      <UniqueIdentifier>{746c6ea4-61de-43f2-9f80-4ad4e2801f12}</UniqueIdentifier>
    </Filter>
    <Filter Include="95. State\00. StatMachine_State\00. Character\01. Monster\00. Normal_Monster\06. Appear">
      <UniqueIdentifier>{ced739ab-2448-4144-968a-7dfb15716e1b}</UniqueIdentifier>
    </Filter>
    <Filter Include="02.GameObjects\05. Character\02. NPC\01. Owl">
      <UniqueIdentifier>{1c67b86b-36fd-4945-92b3-044e05401684}</UniqueIdentifier>
    </Filter>
    <Filter Include="95. State\00. StatMachine_State\00. Character\02. NPC\03. Talk">
      <UniqueIdentifier>{1dc97220-1ed9-46d5-997a-e8929bb1bd92}</UniqueIdentifier>
    </Filter>
    <Filter Include="95. State\00. StatMachine_State\00. Character\01. Monster\01. Boss_Monster\00. Helico">
      <UniqueIdentifier>{6153dd81-f417-4ceb-a153-5887fcfc1709}</UniqueIdentifier>
    </Filter>
    <Filter Include="95. State\00. StatMachine_State\00. Character\01. Monster\01. Boss_Monster\00. Helico\01. Dive">
      <UniqueIdentifier>{ba603e41-e531-4519-82d9-d6fe8675f9c3}</UniqueIdentifier>
    </Filter>
    <Filter Include="95. State\00. StatMachine_State\00. Character\01. Monster\01. Boss_Monster\00. Helico\09. IDLE">
      <UniqueIdentifier>{ac031cf5-879b-4ec6-9f47-dd8e6f5568a3}</UniqueIdentifier>
    </Filter>
    <Filter Include="95. State\00. StatMachine_State\00. Character\01. Monster\01. Boss_Monster\00. Helico\00. Dead">
      <UniqueIdentifier>{d473b827-a4cc-4dec-9a19-932e7f99b955}</UniqueIdentifier>
    </Filter>
    <Filter Include="95. State\00. StatMachine_State\00. Character\01. Monster\01. Boss_Monster\00. Helico\02. Dive_IDLE">
      <UniqueIdentifier>{956ea941-a904-4e2a-a782-b0202c8b5300}</UniqueIdentifier>
    </Filter>
    <Filter Include="95. State\00. StatMachine_State\00. Character\01. Monster\01. Boss_Monster\00. Helico\03. Exhausted_Hit">
      <UniqueIdentifier>{3fa93064-01ea-40a3-9289-03c68495600e}</UniqueIdentifier>
    </Filter>
    <Filter Include="95. State\00. StatMachine_State\00. Character\01. Monster\01. Boss_Monster\00. Helico\05. Exhausted_Wake">
      <UniqueIdentifier>{0a00592c-9547-4f3e-b702-50f14d718d2a}</UniqueIdentifier>
    </Filter>
    <Filter Include="95. State\00. StatMachine_State\00. Character\01. Monster\01. Boss_Monster\00. Helico\04. Exhausted_IDLE">
      <UniqueIdentifier>{2ea52f9e-e818-4b00-821e-20e3b2bb5663}</UniqueIdentifier>
    </Filter>
    <Filter Include="95. State\00. StatMachine_State\00. Character\01. Monster\01. Boss_Monster\00. Helico\06. Attack">
      <UniqueIdentifier>{a6de9365-a530-4bef-b23b-2454804176a9}</UniqueIdentifier>
    </Filter>
    <Filter Include="95. State\00. StatMachine_State\00. Character\01. Monster\01. Boss_Monster\00. Helico\08. Attack_Start">
      <UniqueIdentifier>{ddf73abe-d389-4376-99af-3de1ba0f8b2a}</UniqueIdentifier>
    </Filter>
    <Filter Include="95. State\00. StatMachine_State\00. Character\01. Monster\01. Boss_Monster\00. Helico\07. Attack_End">
      <UniqueIdentifier>{5e2b2563-8a02-47df-bc1a-78e2dd4486fe}</UniqueIdentifier>
    </Filter>
    <Filter Include="95. State\00. StatMachine_State\00. Character\01. Monster\01. Boss_Monster\00. Helico\10. Dive_Up">
      <UniqueIdentifier>{2a5f98ef-4932-43b1-ab73-00c0d1e9fff4}</UniqueIdentifier>
    </Filter>
    <Filter Include="95. State\00. StatMachine_State\00. Character\01. Monster\01. Boss_Monster\00. Helico\11.Ground_Smash">
      <UniqueIdentifier>{d246c5b2-d18a-45da-94d0-74dcd28d5c37}</UniqueIdentifier>
    </Filter>
    <Filter Include="02.GameObjects\05. Character\01. Monster\01. Boss\00. HelicoScarrow\00. HelicoBullet">
      <UniqueIdentifier>{60f78fc0-5836-4270-b936-5476ff4bb5f5}</UniqueIdentifier>
    </Filter>
    <Filter Include="95. State\00. StatMachine_State\00. Character\00. Player\02. Attack\00.Common\00. Spear_AirAttack\00. RangeCol">
      <UniqueIdentifier>{1cdbf9ae-535e-4837-8851-0d8da367c688}</UniqueIdentifier>
    </Filter>
    <Filter Include="02.GameObjects\07. Bullet\02. Shock_Wave">
      <UniqueIdentifier>{dfa29cbe-1849-44c6-baf7-c65f98eb9f02}</UniqueIdentifier>
    </Filter>
    <Filter Include="01.Levels\02. Level_Boss2">
      <UniqueIdentifier>{f13ce1c4-d854-4416-866e-24be5413129d}</UniqueIdentifier>
    </Filter>
    <Filter Include="02.GameObjects\05. Character\01. Monster\01. Boss\01. Phantom">
      <UniqueIdentifier>{ffc26f9f-4732-4752-a449-588dd3989793}</UniqueIdentifier>
    </Filter>
    <Filter Include="95. State\00. StatMachine_State\00. Character\01. Monster\01. Boss_Monster\01. Phantom">
      <UniqueIdentifier>{29083c34-7faa-4ecd-bb73-2680acbbd05a}</UniqueIdentifier>
    </Filter>
    <Filter Include="95. State\00. StatMachine_State\00. Character\01. Monster\01. Boss_Monster\01. Phantom\00. Attaque_Chasse">
      <UniqueIdentifier>{ae693966-6039-4729-99c7-9cac1a74084e}</UniqueIdentifier>
    </Filter>
    <Filter Include="95. State\00. StatMachine_State\00. Character\01. Monster\01. Boss_Monster\01. Phantom\01. Chasse">
      <UniqueIdentifier>{0044740f-e849-48b0-a7f5-522beb6eb8a6}</UniqueIdentifier>
    </Filter>
    <Filter Include="95. State\00. StatMachine_State\00. Character\01. Monster\01. Boss_Monster\01. Phantom\02. Hit_Chasse">
      <UniqueIdentifier>{b235c38a-1e6f-4da2-94f8-7d27ee3a5138}</UniqueIdentifier>
    </Filter>
    <Filter Include="95. State\00. StatMachine_State\00. Character\01. Monster\01. Boss_Monster\01. Phantom\03. IDLE">
      <UniqueIdentifier>{46bd25d2-3f46-4c48-9e1c-8c4780e07dd0}</UniqueIdentifier>
    </Filter>
    <Filter Include="95. State\00. StatMachine_State\00. Character\01. Monster\01. Boss_Monster\01. Phantom\04. Appear">
      <UniqueIdentifier>{6e9ebb98-3001-4598-95a7-2e9ace17fbf7}</UniqueIdentifier>
    </Filter>
    <Filter Include="95. State\00. StatMachine_State\00. Character\01. Monster\01. Boss_Monster\01. Phantom\05. Bouh">
      <UniqueIdentifier>{e30b8c65-d974-4bbe-8c91-28e0a496c668}</UniqueIdentifier>
    </Filter>
    <Filter Include="95. State\00. StatMachine_State\00. Character\01. Monster\01. Boss_Monster\01. Phantom\06. Hit">
      <UniqueIdentifier>{dbb33ab7-7ed9-47f8-ac45-03c4f1d0ccb7}</UniqueIdentifier>
    </Filter>
    <Filter Include="95. State\00. StatMachine_State\00. Character\01. Monster\01. Boss_Monster\01. Phantom\07. Intro">
      <UniqueIdentifier>{319d1be8-5c50-45a3-bdb9-f628f784b8f7}</UniqueIdentifier>
    </Filter>
    <Filter Include="95. State\00. StatMachine_State\00. Character\01. Monster\01. Boss_Monster\01. Phantom\08. Laser">
      <UniqueIdentifier>{cd083e68-fd5a-4fbb-8d3a-5f8278622773}</UniqueIdentifier>
    </Filter>
    <Filter Include="95. State\00. StatMachine_State\00. Character\01. Monster\01. Boss_Monster\01. Phantom\09. Marteau">
      <UniqueIdentifier>{c2524db2-5ff1-48c5-bfb9-b8c345639b50}</UniqueIdentifier>
    </Filter>
    <Filter Include="95. State\00. StatMachine_State\00. Character\01. Monster\01. Boss_Monster\01. Phantom\10. Dead">
      <UniqueIdentifier>{9e8d9394-1347-4642-a457-8547b51af6ae}</UniqueIdentifier>
    </Filter>
    <Filter Include="95. State\00. StatMachine_State\00. Character\01. Monster\01. Boss_Monster\01. Phantom\11. Shoot">
      <UniqueIdentifier>{491915c2-09f9-46bf-9628-85a01279234b}</UniqueIdentifier>
    </Filter>
    <Filter Include="95. State\00. StatMachine_State\00. Character\01. Monster\01. Boss_Monster\01. Phantom\12. Summon">
      <UniqueIdentifier>{e7bb1646-6401-4c4b-a396-3d8267b5ab78}</UniqueIdentifier>
    </Filter>
    <Filter Include="95. State\00. StatMachine_State\00. Character\01. Monster\01. Boss_Monster\01. Phantom\13. Summon_Bomb">
      <UniqueIdentifier>{26a22c0c-ddda-4989-b1ca-965b36166f13}</UniqueIdentifier>
    </Filter>
    <Filter Include="95. State\00. StatMachine_State\00. Character\01. Monster\01. Boss_Monster\01. Phantom\14. Summon_Loop">
      <UniqueIdentifier>{a5fb6b09-0a17-48a3-8483-340cbe4af8de}</UniqueIdentifier>
    </Filter>
    <Filter Include="95. State\00. StatMachine_State\00. Character\01. Monster\01. Boss_Monster\01. Phantom\15. Vanish">
      <UniqueIdentifier>{b83a98cc-8d22-4d01-9f39-618e5e4d69ac}</UniqueIdentifier>
    </Filter>
    <Filter Include="02.GameObjects\07. Bullet\03. Laser">
      <UniqueIdentifier>{77c319c4-0f7e-41ac-9c7a-4f83cf7b126e}</UniqueIdentifier>
    </Filter>
    <Filter Include="95. State\00. StatMachine_State\00. Character\01. Monster\01. Boss_Monster\01. Phantom\16. Dash">
      <UniqueIdentifier>{9fd59666-1e7e-4d3c-b723-5a4981913164}</UniqueIdentifier>
    </Filter>
    <Filter Include="02.GameObjects\05. Character\01. Monster\01. Boss\01. Phantom\00.Multiply">
      <UniqueIdentifier>{4b386c19-ddf6-4a93-b761-c09cbbfa89de}</UniqueIdentifier>
    </Filter>
    <Filter Include="02.GameObjects\05. Character\01. Monster\01. Boss\01. Phantom\01. Bomb">
      <UniqueIdentifier>{f38f3d23-851c-4b8c-91ce-acbcbd2cf7fa}</UniqueIdentifier>
    </Filter>
    <Filter Include="02.GameObjects\07. Bullet\04. Target">
      <UniqueIdentifier>{2649bd89-d1ec-46f9-9620-28dc31cbb4cf}</UniqueIdentifier>
    </Filter>
    <Filter Include="02.GameObjects\05. Character\01. Monster\01. Boss\01. Phantom\02. Meteor">
      <UniqueIdentifier>{a0ff8976-bb9a-4c56-8a82-c7bd27cd3ba3}</UniqueIdentifier>
    </Filter>
  </ItemGroup>
  <ItemGroup>
    <ClInclude Include="Client.h">
      <Filter>98.Default</Filter>
    </ClInclude>
    <ClInclude Include="Resource.h">
      <Filter>98.Default</Filter>
    </ClInclude>
    <ClInclude Include="stdafx.h">
      <Filter>98.Default</Filter>
    </ClInclude>
    <ClInclude Include="targetver.h">
      <Filter>98.Default</Filter>
    </ClInclude>
    <ClInclude Include="..\Public\Client_Defines.h">
      <Filter>99.Defines</Filter>
    </ClInclude>
    <ClInclude Include="..\public\MainApp.h">
      <Filter>00.MainApp</Filter>
    </ClInclude>
    <ClInclude Include="..\public\Level_Logo.h">
      <Filter>01.Levels\00.Logo</Filter>
    </ClInclude>
    <ClInclude Include="..\Public\Level_GamePlay.h">
      <Filter>01.Levels\01.GamePlay</Filter>
    </ClInclude>
    <ClInclude Include="..\Public\Level_Loading.h">
      <Filter>01.Levels\99.Loading</Filter>
    </ClInclude>
    <ClInclude Include="..\public\Loader.h">
      <Filter>01.Levels\99.Loading\Loader</Filter>
    </ClInclude>
    <ClInclude Include="..\public\BackGround.h">
      <Filter>02.GameObjects\00. BackGround</Filter>
    </ClInclude>
    <ClInclude Include="..\Public\ImGuiMgr.h">
      <Filter>96. Manager\00. ImGuiMgr</Filter>
    </ClInclude>
    <ClInclude Include="..\Public\GameObject_Test.h">
      <Filter>02.GameObjects\99. Test</Filter>
    </ClInclude>
    <ClInclude Include="..\Public\Test_State1.h">
      <Filter>95. State\00. StatMachine_State\99.Test\00. Test_State1</Filter>
    </ClInclude>
    <ClInclude Include="..\Public\Test_State2.h">
      <Filter>95. State\00. StatMachine_State\99.Test\01. Test_State2</Filter>
    </ClInclude>
    <ClInclude Include="..\Public\TestAction.h">
      <Filter>95. State\01. Tree_State\99. TestAction</Filter>
    </ClInclude>
    <ClInclude Include="..\Public\Terrain.h">
      <Filter>02.GameObjects\01. Terrain</Filter>
    </ClInclude>
    <ClInclude Include="..\Public\ImGui_Window.h">
      <Filter>96. Manager\00. ImGuiMgr\00. ImGui_Window</Filter>
    </ClInclude>
    <ClInclude Include="..\Public\DynamicCamera.h">
      <Filter>02.GameObjects\02. Camera\00. DynamicCamera</Filter>
    </ClInclude>
    <ClInclude Include="..\Public\Terrain_Demo.h">
      <Filter>02.GameObjects\98. Demo\00. Terrain</Filter>
    </ClInclude>
    <ClInclude Include="..\Public\Level_Tool.h">
      <Filter>01.Levels\98. Tool</Filter>
    </ClInclude>
    <ClInclude Include="..\Public\Terrain_Window.h">
      <Filter>96. Manager\00. ImGuiMgr\00. ImGui_Window\00. Terrain_Window</Filter>
    </ClInclude>
    <ClInclude Include="..\Public\Camera_Window.h">
      <Filter>96. Manager\00. ImGuiMgr\00. ImGui_Window\01. Camera_Window</Filter>
    </ClInclude>
    <ClInclude Include="..\Public\ObjectMesh_Demo.h">
      <Filter>02.GameObjects\98. Demo\01. ObjectMesh</Filter>
    </ClInclude>
    <ClInclude Include="..\Public\Demo.h">
      <Filter>02.GameObjects\98. Demo</Filter>
    </ClInclude>
    <ClInclude Include="..\Public\Mark.h">
      <Filter>02.GameObjects\98. Demo\00. Terrain\00. Mark</Filter>
    </ClInclude>
    <ClInclude Include="..\Public\Object_Window.h">
      <Filter>96. Manager\00. ImGuiMgr\00. ImGui_Window\02. Object_Window</Filter>
    </ClInclude>
    <ClInclude Include="..\Public\Mouse_Window.h">
      <Filter>96. Manager\00. ImGuiMgr\00. ImGui_Window\03. Mouse_WIndow</Filter>
    </ClInclude>
    <ClInclude Include="..\Imgui\imgui_impl_dx11.h">
      <Filter>97. ImGui</Filter>
    </ClInclude>
    <ClInclude Include="..\Imgui\imgui_impl_win32.h">
      <Filter>97. ImGui</Filter>
    </ClInclude>
    <ClInclude Include="..\Imgui\imgui_internal.h">
      <Filter>97. ImGui</Filter>
    </ClInclude>
    <ClInclude Include="..\Imgui\imstb_rectpack.h">
      <Filter>97. ImGui</Filter>
    </ClInclude>
    <ClInclude Include="..\Imgui\imstb_textedit.h">
      <Filter>97. ImGui</Filter>
    </ClInclude>
    <ClInclude Include="..\Imgui\imstb_truetype.h">
      <Filter>97. ImGui</Filter>
    </ClInclude>
    <ClInclude Include="..\Imgui\imconfig.h">
      <Filter>97. ImGui</Filter>
    </ClInclude>
    <ClInclude Include="..\Imgui\imgui.h">
      <Filter>97. ImGui</Filter>
    </ClInclude>
    <ClInclude Include="..\Public\Client_Macro.h">
      <Filter>99.Defines</Filter>
    </ClInclude>
    <ClInclude Include="..\Public\AnimMesh_Demo.h">
      <Filter>02.GameObjects\98. Demo\02. ObjectAnimMesh</Filter>
    </ClInclude>
    <ClInclude Include="..\Imgui\ImGuiFileDialog\ImGuiFileDialog.h">
      <Filter>97. ImGui\ImGuiFileDialog</Filter>
    </ClInclude>
    <ClInclude Include="..\Imgui\ImGuiFileDialog\ImGuiFileDialogConfig.h">
      <Filter>97. ImGui\ImGuiFileDialog</Filter>
    </ClInclude>
    <ClInclude Include="..\Imgui\ImGuiFileDialog\dirent\dirent.h">
      <Filter>97. ImGui\ImGuiFileDialog</Filter>
    </ClInclude>
    <ClInclude Include="..\Imgui\ImGuiFileDialog\stb\stb_image.h">
      <Filter>97. ImGui\ImGuiFileDialog</Filter>
    </ClInclude>
    <ClInclude Include="..\Imgui\ImGuiFileDialog\stb\stb_image_resize.h">
      <Filter>97. ImGui\ImGuiFileDialog</Filter>
    </ClInclude>
    <ClInclude Include="..\Public\SkyBox.h">
      <Filter>02.GameObjects\04.Sky</Filter>
    </ClInclude>
    <ClInclude Include="..\Public\Character.h">
      <Filter>02.GameObjects\05. Character</Filter>
    </ClInclude>
    <ClInclude Include="..\Public\PlayerState\Player_Run.h">
      <Filter>95. State\00. StatMachine_State\00. Character\00. Player\01. Run</Filter>
    </ClInclude>
    <ClInclude Include="..\Public\PlayerState\Player_Jump.h">
      <Filter>95. State\00. StatMachine_State\00. Character\00. Player\03. Jump</Filter>
    </ClInclude>
    <ClInclude Include="..\Public\PlayerState\Player_Spear_AirAttack.h">
      <Filter>95. State\00. StatMachine_State\00. Character\00. Player\02. Attack\00.Common\00. Spear_AirAttack</Filter>
    </ClInclude>
    <ClInclude Include="..\Public\Player\Player.h">
      <Filter>02.GameObjects\05. Character\00.Player</Filter>
    </ClInclude>
    <ClInclude Include="..\Public\PlayerState\Player_IDLE.h">
      <Filter>95. State\00. StatMachine_State\00. Character\00. Player\00. IDLE</Filter>
    </ClInclude>
    <ClInclude Include="..\Public\Player\Player_Weapon_Spear.h">
      <Filter>02.GameObjects\05. Character\00.Player\00. Parts\01. Weapon\00.Spear</Filter>
    </ClInclude>
    <ClInclude Include="..\Public\Animation_Window.h">
      <Filter>96. Manager\00. ImGuiMgr\00. ImGui_Window\04. Animation_Window</Filter>
    </ClInclude>
    <ClInclude Include="..\Public\SubObject_Demo.h">
      <Filter>02.GameObjects\98. Demo\03. SubObject</Filter>
    </ClInclude>
    <ClInclude Include="..\Public\PlayerState\Player_Spear_Attack1.h">
      <Filter>95. State\00. StatMachine_State\00. Character\00. Player\02. Attack\01. Linker\00. Common\00. Attack1</Filter>
    </ClInclude>
    <ClInclude Include="..\Public\PlayerState\Player_Spear_Attack2.h">
      <Filter>95. State\00. StatMachine_State\00. Character\00. Player\02. Attack\01. Linker\00. Common\01. Attack2</Filter>
    </ClInclude>
    <ClInclude Include="..\Public\PlayerState\Player_Spear_Attack3.h">
      <Filter>95. State\00. StatMachine_State\00. Character\00. Player\02. Attack\01. Linker\00. Common\02. Attack3</Filter>
    </ClInclude>
    <ClInclude Include="..\Public\PlayerState\Player_Roll.h">
      <Filter>95. State\00. StatMachine_State\00. Character\00. Player\04. Roll</Filter>
    </ClInclude>
    <ClInclude Include="..\Public\Monster.h">
      <Filter>02.GameObjects\05. Character\01. Monster</Filter>
    </ClInclude>
    <ClInclude Include="..\Public\Spooketon.h">
      <Filter>02.GameObjects\05. Character\01. Monster\00.Normal\00. Spooketon</Filter>
    </ClInclude>
    <ClInclude Include="..\Public\AI_Normal_Monster_IDLE.h">
      <Filter>95. State\01. Tree_State\00. Normal_Monster\00. IDLE</Filter>
    </ClInclude>
    <ClInclude Include="..\Public\PlayerState\Player_State.h">
      <Filter>95. State\00. StatMachine_State\00. Character\00. Player</Filter>
    </ClInclude>
    <ClInclude Include="..\Public\MonsterState\Monster_State.h">
      <Filter>95. State\00. StatMachine_State\00. Character\01. Monster</Filter>
    </ClInclude>
    <ClInclude Include="..\Public\MonsterState\NorMonster_IDLE.h">
      <Filter>95. State\00. StatMachine_State\00. Character\01. Monster\00. Normal_Monster\00. IDLE</Filter>
    </ClInclude>
    <ClInclude Include="..\Public\MonsterState\NorMonster_Move.h">
      <Filter>95. State\00. StatMachine_State\00. Character\01. Monster\00. Normal_Monster\01. Move</Filter>
    </ClInclude>
    <ClInclude Include="..\Public\MonsterState\NorMonster_Attack.h">
      <Filter>95. State\00. StatMachine_State\00. Character\01. Monster\00. Normal_Monster\02. Attack</Filter>
    </ClInclude>
    <ClInclude Include="..\Public\MonsterState\NorMonster_Delay.h">
      <Filter>95. State\00. StatMachine_State\00. Character\01. Monster\00. Normal_Monster\03. Delay</Filter>
    </ClInclude>
    <ClInclude Include="..\Public\Player\Player_Body.h">
      <Filter>02.GameObjects\05. Character\00.Player\00. Parts\00. Body</Filter>
    </ClInclude>
    <ClInclude Include="..\Public\MonsterState\NorMonster_Dead.h">
      <Filter>95. State\00. StatMachine_State\00. Character\01. Monster\00. Normal_Monster\04. Dead</Filter>
    </ClInclude>
    <ClInclude Include="..\Public\MonsterState\NorMonster_Hited.h">
      <Filter>95. State\00. StatMachine_State\00. Character\01. Monster\00. Normal_Monster\05. Hited</Filter>
    </ClInclude>
    <ClInclude Include="..\Public\TargetCamera.h">
      <Filter>02.GameObjects\02. Camera\01. TargetCamera</Filter>
    </ClInclude>
    <ClInclude Include="..\Public\Character_State.h">
      <Filter>95. State\00. StatMachine_State\00. Character</Filter>
    </ClInclude>
    <ClInclude Include="..\Public\DataMgr.h">
      <Filter>96. Manager\01. DataMgr</Filter>
    </ClInclude>
    <ClInclude Include="..\Public\Player\Player_Weapon_Shovel.h">
      <Filter>02.GameObjects\05. Character\00.Player\00. Parts\01. Weapon\01. Shovel</Filter>
    </ClInclude>
    <ClInclude Include="..\Public\PlayerState\Player_Land.h">
      <Filter>95. State\00. StatMachine_State\00. Character\00. Player\05. Land</Filter>
    </ClInclude>
    <ClInclude Include="..\Public\NPC.h">
      <Filter>02.GameObjects\05. Character\02. NPC</Filter>
    </ClInclude>
    <ClInclude Include="..\Public\NPCState\NPC_State.h">
      <Filter>95. State\00. StatMachine_State\00. Character\02. NPC</Filter>
    </ClInclude>
    <ClInclude Include="..\Public\NPCState\NPC_IDLE.h">
      <Filter>95. State\00. StatMachine_State\00. Character\02. NPC\00. IDLE</Filter>
    </ClInclude>
    <ClInclude Include="..\Public\NPCState\NPC_Follow.h">
      <Filter>95. State\00. StatMachine_State\00. Character\02. NPC\01. Follow</Filter>
    </ClInclude>
    <ClInclude Include="..\Public\Player\Crow.h">
      <Filter>02.GameObjects\05. Character\02. NPC\00. Crow</Filter>
    </ClInclude>
    <ClInclude Include="..\Public\NPCState\NPC_Attack.h">
      <Filter>95. State\00. StatMachine_State\00. Character\02. NPC\02. Attack</Filter>
    </ClInclude>
    <ClInclude Include="..\Public\PlayerState\Player_Fall.h">
      <Filter>95. State\00. StatMachine_State\00. Character\00. Player\06. Fall</Filter>
    </ClInclude>
    <ClInclude Include="..\Public\Level_Boss1.h">
      <Filter>01.Levels\02. Level_Boss1</Filter>
    </ClInclude>
    <ClInclude Include="..\Public\Trigger.h">
      <Filter>02.GameObjects\97. Trigger</Filter>
    </ClInclude>
    <ClInclude Include="..\Public\Plateform.h">
      <Filter>02.GameObjects\03. Platform\00. Normal</Filter>
    </ClInclude>
    <ClInclude Include="..\Public\Plateform_Instancing.h">
      <Filter>02.GameObjects\03. Platform\01. Instancing</Filter>
    </ClInclude>
    <ClInclude Include="..\Public\Plateform_Trap.h">
      <Filter>02.GameObjects\03. Platform\02. Trap</Filter>
    </ClInclude>
    <ClInclude Include="..\Public\SkullCrossBow.h">
      <Filter>02.GameObjects\05. Character\01. Monster\00.Normal\01. SkullCrossBow</Filter>
    </ClInclude>
    <ClInclude Include="..\Public\Bullet.h">
      <Filter>02.GameObjects\07. Bullet</Filter>
    </ClInclude>
    <ClInclude Include="..\Public\Normal_Bullet.h">
      <Filter>02.GameObjects\07. Bullet\01. Normal</Filter>
    </ClInclude>
    <ClInclude Include="..\Public\MonsterState\NorMonster_Appear.h">
      <Filter>95. State\00. StatMachine_State\00. Character\01. Monster\00. Normal_Monster\06. Appear</Filter>
    </ClInclude>
    <ClInclude Include="..\Public\Range_Bullet.h">
      <Filter>95. State\00. StatMachine_State\00. Character\00. Player\02. Attack\00.Common\00. Spear_AirAttack\00. RangeCol</Filter>
    </ClInclude>
    <ClInclude Include="..\Public\Owl.h">
      <Filter>02.GameObjects\05. Character\02. NPC\01. Owl</Filter>
    </ClInclude>
    <ClInclude Include="..\Public\NPCState\NPC_Talk.h">
      <Filter>95. State\00. StatMachine_State\00. Character\02. NPC\03. Talk</Filter>
    </ClInclude>
    <ClInclude Include="..\Public\HelicoScarrow.h">
      <Filter>02.GameObjects\05. Character\01. Monster\01. Boss\00. HelicoScarrow</Filter>
    </ClInclude>
    <ClInclude Include="..\Public\MonsterState\Helico_IDLE.h">
      <Filter>95. State\00. StatMachine_State\00. Character\01. Monster\01. Boss_Monster\00. Helico\09. IDLE</Filter>
    </ClInclude>
    <ClInclude Include="..\Public\MonsterState\Helico_Dead.h">
      <Filter>95. State\00. StatMachine_State\00. Character\01. Monster\01. Boss_Monster\00. Helico\00. Dead</Filter>
    </ClInclude>
    <ClInclude Include="..\Public\MonsterState\Helico_Dive.h">
      <Filter>95. State\00. StatMachine_State\00. Character\01. Monster\01. Boss_Monster\00. Helico\01. Dive</Filter>
    </ClInclude>
    <ClInclude Include="..\Public\MonsterState\Helico_Dive_IDLE.h">
      <Filter>95. State\00. StatMachine_State\00. Character\01. Monster\01. Boss_Monster\00. Helico\02. Dive_IDLE</Filter>
    </ClInclude>
    <ClInclude Include="..\Public\MonsterState\Helico_Exhausted_Hit.h">
      <Filter>95. State\00. StatMachine_State\00. Character\01. Monster\01. Boss_Monster\00. Helico\03. Exhausted_Hit</Filter>
    </ClInclude>
    <ClInclude Include="..\Public\MonsterState\Helico_Exhausted_IDLE.h">
      <Filter>95. State\00. StatMachine_State\00. Character\01. Monster\01. Boss_Monster\00. Helico\04. Exhausted_IDLE</Filter>
    </ClInclude>
    <ClInclude Include="..\Public\MonsterState\Helico_Exhausted_Wake.h">
      <Filter>95. State\00. StatMachine_State\00. Character\01. Monster\01. Boss_Monster\00. Helico\05. Exhausted_Wake</Filter>
    </ClInclude>
    <ClInclude Include="..\Public\MonsterState\Helico_Attack.h">
      <Filter>95. State\00. StatMachine_State\00. Character\01. Monster\01. Boss_Monster\00. Helico\06. Attack</Filter>
    </ClInclude>
    <ClInclude Include="..\Public\MonsterState\Helico_Attack_End.h">
      <Filter>95. State\00. StatMachine_State\00. Character\01. Monster\01. Boss_Monster\00. Helico\07. Attack_End</Filter>
    </ClInclude>
    <ClInclude Include="..\Public\MonsterState\Helico_Attack_Start.h">
      <Filter>95. State\00. StatMachine_State\00. Character\01. Monster\01. Boss_Monster\00. Helico\08. Attack_Start</Filter>
    </ClInclude>
    <ClInclude Include="..\Public\MonsterState\Helico_Dive_Up.h">
      <Filter>95. State\00. StatMachine_State\00. Character\01. Monster\01. Boss_Monster\00. Helico\10. Dive_Up</Filter>
    </ClInclude>
    <ClInclude Include="..\Public\MonsterState\Helico_Ground_Smash.h">
      <Filter>95. State\00. StatMachine_State\00. Character\01. Monster\01. Boss_Monster\00. Helico\11.Ground_Smash</Filter>
    </ClInclude>
    <ClInclude Include="..\Public\Helico_Bullet.h">
      <Filter>02.GameObjects\05. Character\01. Monster\01. Boss\00. HelicoScarrow\00. HelicoBullet</Filter>
    </ClInclude>
    <ClInclude Include="..\Public\Shock_Wave.h">
      <Filter>02.GameObjects\07. Bullet\02. Shock_Wave</Filter>
    </ClInclude>
    <ClInclude Include="..\Public\Level_Boss2.h">
      <Filter>01.Levels\02. Level_Boss2</Filter>
    </ClInclude>
    <ClInclude Include="..\Public\Phantom.h">
      <Filter>02.GameObjects\05. Character\01. Monster\01. Boss\01. Phantom</Filter>
    </ClInclude>
    <ClInclude Include="..\Public\MonsterState\Phantom_IDLE.h">
      <Filter>95. State\00. StatMachine_State\00. Character\01. Monster\01. Boss_Monster\01. Phantom\03. IDLE</Filter>
    </ClInclude>
    <ClInclude Include="..\Public\MonsterState\Phantom_Attaque_Chasse.h">
      <Filter>95. State\00. StatMachine_State\00. Character\01. Monster\01. Boss_Monster\01. Phantom\00. Attaque_Chasse</Filter>
    </ClInclude>
    <ClInclude Include="..\Public\MonsterState\Phantom_Chasse.h">
      <Filter>95. State\00. StatMachine_State\00. Character\01. Monster\01. Boss_Monster\01. Phantom\01. Chasse</Filter>
    </ClInclude>
    <ClInclude Include="..\Public\MonsterState\Phantom_Hit_Chasse.h">
      <Filter>95. State\00. StatMachine_State\00. Character\01. Monster\01. Boss_Monster\01. Phantom\02. Hit_Chasse</Filter>
    </ClInclude>
    <ClInclude Include="..\Public\MonsterState\Phantom_Appear.h">
      <Filter>95. State\00. StatMachine_State\00. Character\01. Monster\01. Boss_Monster\01. Phantom\04. Appear</Filter>
    </ClInclude>
    <ClInclude Include="..\Public\MonsterState\Phantom_Bouh.h">
      <Filter>95. State\00. StatMachine_State\00. Character\01. Monster\01. Boss_Monster\01. Phantom\05. Bouh</Filter>
    </ClInclude>
    <ClInclude Include="..\Public\MonsterState\Phantom_Hit.h">
      <Filter>95. State\00. StatMachine_State\00. Character\01. Monster\01. Boss_Monster\01. Phantom\06. Hit</Filter>
    </ClInclude>
    <ClInclude Include="..\Public\MonsterState\Phantom_Intro.h">
      <Filter>95. State\00. StatMachine_State\00. Character\01. Monster\01. Boss_Monster\01. Phantom\07. Intro</Filter>
    </ClInclude>
    <ClInclude Include="..\Public\MonsterState\Phantom_Laser.h">
      <Filter>95. State\00. StatMachine_State\00. Character\01. Monster\01. Boss_Monster\01. Phantom\08. Laser</Filter>
    </ClInclude>
    <ClInclude Include="..\Public\MonsterState\Phantom_Marteau.h">
      <Filter>95. State\00. StatMachine_State\00. Character\01. Monster\01. Boss_Monster\01. Phantom\09. Marteau</Filter>
    </ClInclude>
    <ClInclude Include="..\Public\MonsterState\Phantom_Dead.h">
      <Filter>95. State\00. StatMachine_State\00. Character\01. Monster\01. Boss_Monster\01. Phantom\10. Dead</Filter>
    </ClInclude>
    <ClInclude Include="..\Public\MonsterState\Phantom_Shoot.h">
      <Filter>95. State\00. StatMachine_State\00. Character\01. Monster\01. Boss_Monster\01. Phantom\11. Shoot</Filter>
    </ClInclude>
    <ClInclude Include="..\Public\MonsterState\Phantom_Summon.h">
      <Filter>95. State\00. StatMachine_State\00. Character\01. Monster\01. Boss_Monster\01. Phantom\12. Summon</Filter>
    </ClInclude>
    <ClInclude Include="..\Public\MonsterState\Phantom_Summon_Bomb.h">
      <Filter>95. State\00. StatMachine_State\00. Character\01. Monster\01. Boss_Monster\01. Phantom\13. Summon_Bomb</Filter>
    </ClInclude>
    <ClInclude Include="..\Public\MonsterState\Phantom_Summon_Loop.h">
      <Filter>95. State\00. StatMachine_State\00. Character\01. Monster\01. Boss_Monster\01. Phantom\14. Summon_Loop</Filter>
    </ClInclude>
    <ClInclude Include="..\Public\MonsterState\Phantom_Vanish.h">
      <Filter>95. State\00. StatMachine_State\00. Character\01. Monster\01. Boss_Monster\01. Phantom\15. Vanish</Filter>
    </ClInclude>
    <ClInclude Include="..\Public\Laser.h">
      <Filter>02.GameObjects\07. Bullet\03. Laser</Filter>
    </ClInclude>
    <ClInclude Include="..\Public\MonsterState\Phantom_Dash.h">
      <Filter>95. State\00. StatMachine_State\00. Character\01. Monster\01. Boss_Monster\01. Phantom\16. Dash</Filter>
    </ClInclude>
    <ClInclude Include="..\Public\Multiply.h">
      <Filter>02.GameObjects\05. Character\01. Monster\01. Boss\01. Phantom\00.Multiply</Filter>
    </ClInclude>
    <ClInclude Include="..\Public\Bomb.h">
      <Filter>02.GameObjects\05. Character\01. Monster\01. Boss\01. Phantom\01. Bomb</Filter>
    </ClInclude>
    <ClInclude Include="..\Public\Target_Bullet.h">
      <Filter>02.GameObjects\07. Bullet\04. Target</Filter>
    </ClInclude>
    <ClInclude Include="..\Public\Meteor.h">
      <Filter>02.GameObjects\05. Character\01. Monster\01. Boss\01. Phantom\02. Meteor</Filter>
    </ClInclude>
  </ItemGroup>
  <ItemGroup>
    <ClCompile Include="Client.cpp">
      <Filter>98.Default</Filter>
    </ClCompile>
    <ClCompile Include="stdafx.cpp">
      <Filter>98.Default</Filter>
    </ClCompile>
    <ClCompile Include="..\private\MainApp.cpp">
      <Filter>00.MainApp</Filter>
    </ClCompile>
    <ClCompile Include="..\private\Level_Logo.cpp">
      <Filter>01.Levels\00.Logo</Filter>
    </ClCompile>
    <ClCompile Include="..\Private\Level_GamePlay.cpp">
      <Filter>01.Levels\01.GamePlay</Filter>
    </ClCompile>
    <ClCompile Include="..\Private\Level_Loading.cpp">
      <Filter>01.Levels\99.Loading</Filter>
    </ClCompile>
    <ClCompile Include="..\private\Loader.cpp">
      <Filter>01.Levels\99.Loading\Loader</Filter>
    </ClCompile>
    <ClCompile Include="..\private\BackGround.cpp">
      <Filter>02.GameObjects\00. BackGround</Filter>
    </ClCompile>
    <ClCompile Include="..\Private\ImGuiMgr.cpp">
      <Filter>96. Manager\00. ImGuiMgr</Filter>
    </ClCompile>
    <ClCompile Include="..\Private\GameObject_Test.cpp">
      <Filter>02.GameObjects\99. Test</Filter>
    </ClCompile>
    <ClCompile Include="..\Private\Test_State1.cpp">
      <Filter>95. State\00. StatMachine_State\99.Test\00. Test_State1</Filter>
    </ClCompile>
    <ClCompile Include="..\Private\Test_State2.cpp">
      <Filter>95. State\00. StatMachine_State\99.Test\01. Test_State2</Filter>
    </ClCompile>
    <ClCompile Include="..\Private\TestAction.cpp">
      <Filter>95. State\01. Tree_State\99. TestAction</Filter>
    </ClCompile>
    <ClCompile Include="..\Private\Terrain.cpp">
      <Filter>02.GameObjects\01. Terrain</Filter>
    </ClCompile>
    <ClCompile Include="..\Private\ImGui_Window.cpp">
      <Filter>96. Manager\00. ImGuiMgr\00. ImGui_Window</Filter>
    </ClCompile>
    <ClCompile Include="..\Private\DynamicCamera.cpp">
      <Filter>02.GameObjects\02. Camera\00. DynamicCamera</Filter>
    </ClCompile>
    <ClCompile Include="..\Private\Terrain_Demo.cpp">
      <Filter>02.GameObjects\98. Demo\00. Terrain</Filter>
    </ClCompile>
    <ClCompile Include="..\Private\Level_Tool.cpp">
      <Filter>01.Levels\98. Tool</Filter>
    </ClCompile>
    <ClCompile Include="..\Private\Terrain_Window.cpp">
      <Filter>96. Manager\00. ImGuiMgr\00. ImGui_Window\00. Terrain_Window</Filter>
    </ClCompile>
    <ClCompile Include="..\Private\Camera_Window.cpp">
      <Filter>96. Manager\00. ImGuiMgr\00. ImGui_Window\01. Camera_Window</Filter>
    </ClCompile>
    <ClCompile Include="..\Private\ObjectMesh_Demo.cpp">
      <Filter>02.GameObjects\98. Demo\01. ObjectMesh</Filter>
    </ClCompile>
    <ClCompile Include="..\Private\Demo.cpp">
      <Filter>02.GameObjects\98. Demo</Filter>
    </ClCompile>
    <ClCompile Include="..\Private\Mark.cpp">
      <Filter>02.GameObjects\98. Demo\00. Terrain\00. Mark</Filter>
    </ClCompile>
    <ClCompile Include="..\Private\Object_Window.cpp">
      <Filter>96. Manager\00. ImGuiMgr\00. ImGui_Window\02. Object_Window</Filter>
    </ClCompile>
    <ClCompile Include="..\Private\Mouse_Window.cpp">
      <Filter>96. Manager\00. ImGuiMgr\00. ImGui_Window\03. Mouse_WIndow</Filter>
    </ClCompile>
    <ClCompile Include="..\Imgui\imgui_impl_win32.cpp">
      <Filter>97. ImGui</Filter>
    </ClCompile>
    <ClCompile Include="..\Imgui\imgui_tables.cpp">
      <Filter>97. ImGui</Filter>
    </ClCompile>
    <ClCompile Include="..\Imgui\imgui_widgets.cpp">
      <Filter>97. ImGui</Filter>
    </ClCompile>
    <ClCompile Include="..\Imgui\imgui.cpp">
      <Filter>97. ImGui</Filter>
    </ClCompile>
    <ClCompile Include="..\Imgui\imgui_demo.cpp">
      <Filter>97. ImGui</Filter>
    </ClCompile>
    <ClCompile Include="..\Imgui\imgui_draw.cpp">
      <Filter>97. ImGui</Filter>
    </ClCompile>
    <ClCompile Include="..\Imgui\imgui_impl_dx11.cpp">
      <Filter>97. ImGui</Filter>
    </ClCompile>
    <ClCompile Include="..\Private\AnimMesh_Demo.cpp">
      <Filter>02.GameObjects\98. Demo\02. ObjectAnimMesh</Filter>
    </ClCompile>
    <ClCompile Include="..\Imgui\ImGuiFileDialog\ImGuiFileDialog.cpp">
      <Filter>97. ImGui\ImGuiFileDialog</Filter>
    </ClCompile>
    <ClCompile Include="..\Private\SkyBox.cpp">
      <Filter>02.GameObjects\04.Sky</Filter>
    </ClCompile>
    <ClCompile Include="..\Private\Character.cpp">
      <Filter>02.GameObjects\05. Character</Filter>
    </ClCompile>
    <ClCompile Include="..\Private\PlayerState\Player_Run.cpp">
      <Filter>95. State\00. StatMachine_State\00. Character\00. Player\01. Run</Filter>
    </ClCompile>
    <ClCompile Include="..\Private\PlayerState\Player_Jump.cpp">
      <Filter>95. State\00. StatMachine_State\00. Character\00. Player\03. Jump</Filter>
    </ClCompile>
    <ClCompile Include="..\Private\PlayerState\Player_Spear_AirAttack.cpp">
      <Filter>95. State\00. StatMachine_State\00. Character\00. Player\02. Attack\00.Common\00. Spear_AirAttack</Filter>
    </ClCompile>
    <ClCompile Include="..\Private\Player\Player.cpp">
      <Filter>02.GameObjects\05. Character\00.Player</Filter>
    </ClCompile>
    <ClCompile Include="..\Private\PlayerState\Player_IDLE.cpp">
      <Filter>95. State\00. StatMachine_State\00. Character\00. Player\00. IDLE</Filter>
    </ClCompile>
    <ClCompile Include="..\Private\Player\Player_Weapon_Spear.cpp">
      <Filter>02.GameObjects\05. Character\00.Player\00. Parts\01. Weapon\00.Spear</Filter>
    </ClCompile>
    <ClCompile Include="..\Private\Animation_Window.cpp">
      <Filter>96. Manager\00. ImGuiMgr\00. ImGui_Window\04. Animation_Window</Filter>
    </ClCompile>
    <ClCompile Include="..\Private\SubObject_Demo.cpp">
      <Filter>02.GameObjects\98. Demo\03. SubObject</Filter>
    </ClCompile>
    <ClCompile Include="..\Private\PlayerState\Player_Spear_Attack1.cpp">
      <Filter>95. State\00. StatMachine_State\00. Character\00. Player\02. Attack\01. Linker\00. Common\00. Attack1</Filter>
    </ClCompile>
    <ClCompile Include="..\Private\PlayerState\Player_Spear_Attack2.cpp">
      <Filter>95. State\00. StatMachine_State\00. Character\00. Player\02. Attack\01. Linker\00. Common\01. Attack2</Filter>
    </ClCompile>
    <ClCompile Include="..\Private\PlayerState\Player_Spear_Attack3.cpp">
      <Filter>95. State\00. StatMachine_State\00. Character\00. Player\02. Attack\01. Linker\00. Common\02. Attack3</Filter>
    </ClCompile>
    <ClCompile Include="..\Private\PlayerState\Player_Roll.cpp">
      <Filter>95. State\00. StatMachine_State\00. Character\00. Player\04. Roll</Filter>
    </ClCompile>
    <ClCompile Include="..\Private\Monster.cpp">
      <Filter>02.GameObjects\05. Character\01. Monster</Filter>
    </ClCompile>
    <ClCompile Include="..\Private\Spooketon.cpp">
      <Filter>02.GameObjects\05. Character\01. Monster\00.Normal\00. Spooketon</Filter>
    </ClCompile>
    <ClCompile Include="..\Private\AI_Normal_Monster_IDLE.cpp">
      <Filter>95. State\01. Tree_State\00. Normal_Monster\00. IDLE</Filter>
    </ClCompile>
    <ClCompile Include="..\Private\PlayerState\Player_State.cpp">
      <Filter>95. State\00. StatMachine_State\00. Character\00. Player</Filter>
    </ClCompile>
    <ClCompile Include="..\Private\MonsterState\Monster_State.cpp">
      <Filter>95. State\00. StatMachine_State\00. Character\01. Monster</Filter>
    </ClCompile>
    <ClCompile Include="..\Private\MonsterState\NorMonster_IDLE.cpp">
      <Filter>95. State\00. StatMachine_State\00. Character\01. Monster\00. Normal_Monster\00. IDLE</Filter>
    </ClCompile>
    <ClCompile Include="..\Private\MonsterState\NorMonster_Move.cpp">
      <Filter>95. State\00. StatMachine_State\00. Character\01. Monster\00. Normal_Monster\01. Move</Filter>
    </ClCompile>
    <ClCompile Include="..\Private\MonsterState\NorMonster_Attack.cpp">
      <Filter>95. State\00. StatMachine_State\00. Character\01. Monster\00. Normal_Monster\02. Attack</Filter>
    </ClCompile>
    <ClCompile Include="..\Private\MonsterState\NorMonster_Delay.cpp">
      <Filter>95. State\00. StatMachine_State\00. Character\01. Monster\00. Normal_Monster\03. Delay</Filter>
    </ClCompile>
    <ClCompile Include="..\Private\Player\Player_Body.cpp">
      <Filter>02.GameObjects\05. Character\00.Player\00. Parts\00. Body</Filter>
    </ClCompile>
    <ClCompile Include="..\Private\MonsterState\NorMonster_Dead.cpp">
      <Filter>95. State\00. StatMachine_State\00. Character\01. Monster\00. Normal_Monster\04. Dead</Filter>
    </ClCompile>
    <ClCompile Include="..\Private\MonsterState\NorMonster_Hited.cpp">
      <Filter>95. State\00. StatMachine_State\00. Character\01. Monster\00. Normal_Monster\05. Hited</Filter>
    </ClCompile>
    <ClCompile Include="..\Private\TargetCamera.cpp">
      <Filter>02.GameObjects\02. Camera\01. TargetCamera</Filter>
    </ClCompile>
    <ClCompile Include="..\Private\Character_State.cpp">
      <Filter>95. State\00. StatMachine_State\00. Character</Filter>
    </ClCompile>
    <ClCompile Include="..\Private\DataMgr.cpp">
      <Filter>96. Manager\01. DataMgr</Filter>
    </ClCompile>
    <ClCompile Include="..\Private\Player\Player_Weapon_Shovel.cpp">
      <Filter>02.GameObjects\05. Character\00.Player\00. Parts\01. Weapon\01. Shovel</Filter>
    </ClCompile>
    <ClCompile Include="..\Private\PlayerState\Player_Land.cpp">
      <Filter>95. State\00. StatMachine_State\00. Character\00. Player\05. Land</Filter>
    </ClCompile>
    <ClCompile Include="..\Private\NPC.cpp">
      <Filter>02.GameObjects\05. Character\02. NPC</Filter>
    </ClCompile>
    <ClCompile Include="..\Private\NPCState\NPC_State.cpp">
      <Filter>95. State\00. StatMachine_State\00. Character\02. NPC</Filter>
    </ClCompile>
    <ClCompile Include="..\Private\NPCState\NPC_IDLE.cpp">
      <Filter>95. State\00. StatMachine_State\00. Character\02. NPC\00. IDLE</Filter>
    </ClCompile>
    <ClCompile Include="..\Private\NPCState\NPC_Follow.cpp">
      <Filter>95. State\00. StatMachine_State\00. Character\02. NPC\01. Follow</Filter>
    </ClCompile>
    <ClCompile Include="..\Private\Player\Crow.cpp">
      <Filter>02.GameObjects\05. Character\02. NPC\00. Crow</Filter>
    </ClCompile>
    <ClCompile Include="..\Private\NPCState\NPC_Attack.cpp">
      <Filter>95. State\00. StatMachine_State\00. Character\02. NPC\02. Attack</Filter>
    </ClCompile>
    <ClCompile Include="..\Private\PlayerState\Player_Fall.cpp">
      <Filter>95. State\00. StatMachine_State\00. Character\00. Player\06. Fall</Filter>
    </ClCompile>
    <ClCompile Include="..\Private\Level_Boss1.cpp">
      <Filter>01.Levels\02. Level_Boss1</Filter>
    </ClCompile>
    <ClCompile Include="..\Private\Trigger.cpp">
      <Filter>02.GameObjects\97. Trigger</Filter>
    </ClCompile>
    <ClCompile Include="..\Private\Plateform.cpp">
      <Filter>02.GameObjects\03. Platform\00. Normal</Filter>
    </ClCompile>
    <ClCompile Include="..\Private\Plateform_Instancing.cpp">
      <Filter>02.GameObjects\03. Platform\01. Instancing</Filter>
    </ClCompile>
    <ClCompile Include="..\Private\Plateform_Trap.cpp">
      <Filter>02.GameObjects\03. Platform\02. Trap</Filter>
    </ClCompile>
    <ClCompile Include="..\Private\SkullCrossBow.cpp">
      <Filter>02.GameObjects\05. Character\01. Monster\00.Normal\01. SkullCrossBow</Filter>
    </ClCompile>
    <ClCompile Include="..\Private\Bullet.cpp">
      <Filter>02.GameObjects\07. Bullet</Filter>
    </ClCompile>
    <ClCompile Include="..\Private\Normal_Bullet.cpp">
      <Filter>02.GameObjects\07. Bullet\01. Normal</Filter>
    </ClCompile>
    <ClCompile Include="..\Private\MonsterState\NorMonster_Appear.cpp">
      <Filter>95. State\00. StatMachine_State\00. Character\01. Monster\00. Normal_Monster\06. Appear</Filter>
    </ClCompile>
    <ClCompile Include="..\Private\Range_Bullet.cpp">
      <Filter>95. State\00. StatMachine_State\00. Character\00. Player\02. Attack\00.Common\00. Spear_AirAttack\00. RangeCol</Filter>
    </ClCompile>
    <ClCompile Include="..\Private\Owl.cpp">
      <Filter>02.GameObjects\05. Character\02. NPC\01. Owl</Filter>
    </ClCompile>
    <ClCompile Include="..\Private\NPCState\NPC_Talk.cpp">
      <Filter>95. State\00. StatMachine_State\00. Character\02. NPC\03. Talk</Filter>
    </ClCompile>
    <ClCompile Include="..\Private\HelicoScarrow.cpp">
      <Filter>02.GameObjects\05. Character\01. Monster\01. Boss\00. HelicoScarrow</Filter>
    </ClCompile>
    <ClCompile Include="..\Private\MonsterState\Helico_IDLE.cpp">
      <Filter>95. State\00. StatMachine_State\00. Character\01. Monster\01. Boss_Monster\00. Helico\09. IDLE</Filter>
    </ClCompile>
    <ClCompile Include="..\Private\MonsterState\Helico_Dead.cpp">
      <Filter>95. State\00. StatMachine_State\00. Character\01. Monster\01. Boss_Monster\00. Helico\00. Dead</Filter>
    </ClCompile>
    <ClCompile Include="..\Private\MonsterState\Helico_Dive.cpp">
      <Filter>95. State\00. StatMachine_State\00. Character\01. Monster\01. Boss_Monster\00. Helico\01. Dive</Filter>
    </ClCompile>
    <ClCompile Include="..\Private\MonsterState\Helico_Dive_IDLE.cpp">
      <Filter>95. State\00. StatMachine_State\00. Character\01. Monster\01. Boss_Monster\00. Helico\02. Dive_IDLE</Filter>
    </ClCompile>
    <ClCompile Include="..\Private\MonsterState\Helico_Exhausted_Hit.cpp">
      <Filter>95. State\00. StatMachine_State\00. Character\01. Monster\01. Boss_Monster\00. Helico\03. Exhausted_Hit</Filter>
    </ClCompile>
    <ClCompile Include="..\Private\MonsterState\Helico_Exhausted_IDLE.cpp">
      <Filter>95. State\00. StatMachine_State\00. Character\01. Monster\01. Boss_Monster\00. Helico\04. Exhausted_IDLE</Filter>
    </ClCompile>
    <ClCompile Include="..\Private\MonsterState\Helico_Exhausted_Wake.cpp">
      <Filter>95. State\00. StatMachine_State\00. Character\01. Monster\01. Boss_Monster\00. Helico\05. Exhausted_Wake</Filter>
    </ClCompile>
    <ClCompile Include="..\Private\MonsterState\Helico_Attack.cpp">
      <Filter>95. State\00. StatMachine_State\00. Character\01. Monster\01. Boss_Monster\00. Helico\06. Attack</Filter>
    </ClCompile>
    <ClCompile Include="..\Private\MonsterState\Helico_Attack_End.cpp">
      <Filter>95. State\00. StatMachine_State\00. Character\01. Monster\01. Boss_Monster\00. Helico\07. Attack_End</Filter>
    </ClCompile>
    <ClCompile Include="..\Private\MonsterState\Helico_Attack_Start.cpp">
      <Filter>95. State\00. StatMachine_State\00. Character\01. Monster\01. Boss_Monster\00. Helico\08. Attack_Start</Filter>
    </ClCompile>
    <ClCompile Include="..\Private\MonsterState\Helico_Dive_Up.cpp">
      <Filter>95. State\00. StatMachine_State\00. Character\01. Monster\01. Boss_Monster\00. Helico\10. Dive_Up</Filter>
    </ClCompile>
    <ClCompile Include="..\Private\MonsterState\Helico_Ground_Smash.cpp">
      <Filter>95. State\00. StatMachine_State\00. Character\01. Monster\01. Boss_Monster\00. Helico\11.Ground_Smash</Filter>
    </ClCompile>
    <ClCompile Include="..\Private\Helico_Bullet.cpp">
      <Filter>02.GameObjects\05. Character\01. Monster\01. Boss\00. HelicoScarrow\00. HelicoBullet</Filter>
    </ClCompile>
    <ClCompile Include="..\Private\Shock_Wave.cpp">
      <Filter>02.GameObjects\07. Bullet\02. Shock_Wave</Filter>
    </ClCompile>
    <ClCompile Include="..\Private\Level_Boss2.cpp">
      <Filter>01.Levels\02. Level_Boss2</Filter>
    </ClCompile>
    <ClCompile Include="..\Private\Phantom.cpp">
      <Filter>02.GameObjects\05. Character\01. Monster\01. Boss\01. Phantom</Filter>
    </ClCompile>
    <ClCompile Include="..\Private\MonsterState\Phantom_IDLE.cpp">
      <Filter>95. State\00. StatMachine_State\00. Character\01. Monster\01. Boss_Monster\01. Phantom\03. IDLE</Filter>
    </ClCompile>
    <ClCompile Include="..\Private\MonsterState\Phantom_Attaque_Chasse.cpp">
      <Filter>95. State\00. StatMachine_State\00. Character\01. Monster\01. Boss_Monster\01. Phantom\00. Attaque_Chasse</Filter>
    </ClCompile>
    <ClCompile Include="..\Private\MonsterState\Phantom_Chasse.cpp">
      <Filter>95. State\00. StatMachine_State\00. Character\01. Monster\01. Boss_Monster\01. Phantom\01. Chasse</Filter>
    </ClCompile>
    <ClCompile Include="..\Private\MonsterState\Phantom_Hit_Chasse.cpp">
      <Filter>95. State\00. StatMachine_State\00. Character\01. Monster\01. Boss_Monster\01. Phantom\02. Hit_Chasse</Filter>
    </ClCompile>
    <ClCompile Include="..\Private\MonsterState\Phantom_Appear.cpp">
      <Filter>95. State\00. StatMachine_State\00. Character\01. Monster\01. Boss_Monster\01. Phantom\04. Appear</Filter>
    </ClCompile>
    <ClCompile Include="..\Private\MonsterState\Phantom_Bouh.cpp">
      <Filter>95. State\00. StatMachine_State\00. Character\01. Monster\01. Boss_Monster\01. Phantom\05. Bouh</Filter>
    </ClCompile>
    <ClCompile Include="..\Private\MonsterState\Phantom_Hit.cpp">
      <Filter>95. State\00. StatMachine_State\00. Character\01. Monster\01. Boss_Monster\01. Phantom\06. Hit</Filter>
    </ClCompile>
    <ClCompile Include="..\Private\MonsterState\Phantom_Intro.cpp">
      <Filter>95. State\00. StatMachine_State\00. Character\01. Monster\01. Boss_Monster\01. Phantom\07. Intro</Filter>
    </ClCompile>
    <ClCompile Include="..\Private\MonsterState\Phantom_Laser.cpp">
      <Filter>95. State\00. StatMachine_State\00. Character\01. Monster\01. Boss_Monster\01. Phantom\08. Laser</Filter>
    </ClCompile>
    <ClCompile Include="..\Private\MonsterState\Phantom_Marteau.cpp">
      <Filter>95. State\00. StatMachine_State\00. Character\01. Monster\01. Boss_Monster\01. Phantom\09. Marteau</Filter>
    </ClCompile>
    <ClCompile Include="..\Private\MonsterState\Phantom_Dead.cpp">
      <Filter>95. State\00. StatMachine_State\00. Character\01. Monster\01. Boss_Monster\01. Phantom\10. Dead</Filter>
    </ClCompile>
    <ClCompile Include="..\Private\MonsterState\Phantom_Shoot.cpp">
      <Filter>95. State\00. StatMachine_State\00. Character\01. Monster\01. Boss_Monster\01. Phantom\11. Shoot</Filter>
    </ClCompile>
    <ClCompile Include="..\Private\MonsterState\Phantom_Summon.cpp">
      <Filter>95. State\00. StatMachine_State\00. Character\01. Monster\01. Boss_Monster\01. Phantom\12. Summon</Filter>
    </ClCompile>
    <ClCompile Include="..\Private\MonsterState\Phantom_Summon_Bomb.cpp">
      <Filter>95. State\00. StatMachine_State\00. Character\01. Monster\01. Boss_Monster\01. Phantom\13. Summon_Bomb</Filter>
    </ClCompile>
    <ClCompile Include="..\Private\MonsterState\Phantom_Summon_Loop.cpp">
      <Filter>95. State\00. StatMachine_State\00. Character\01. Monster\01. Boss_Monster\01. Phantom\14. Summon_Loop</Filter>
    </ClCompile>
    <ClCompile Include="..\Private\MonsterState\Phantom_Vanish.cpp">
      <Filter>95. State\00. StatMachine_State\00. Character\01. Monster\01. Boss_Monster\01. Phantom\15. Vanish</Filter>
    </ClCompile>
    <ClCompile Include="..\Private\Laser.cpp">
      <Filter>02.GameObjects\07. Bullet\03. Laser</Filter>
    </ClCompile>
    <ClCompile Include="..\Private\MonsterState\Phantom_Dash.cpp">
      <Filter>95. State\00. StatMachine_State\00. Character\01. Monster\01. Boss_Monster\01. Phantom\16. Dash</Filter>
    </ClCompile>
    <ClCompile Include="..\Private\Multiply.cpp">
      <Filter>02.GameObjects\05. Character\01. Monster\01. Boss\01. Phantom\00.Multiply</Filter>
    </ClCompile>
    <ClCompile Include="..\Private\Bomb.cpp">
      <Filter>02.GameObjects\05. Character\01. Monster\01. Boss\01. Phantom\01. Bomb</Filter>
    </ClCompile>
    <ClCompile Include="..\Private\Target_Bullet.cpp">
      <Filter>02.GameObjects\07. Bullet\04. Target</Filter>
    </ClCompile>
    <ClCompile Include="..\Private\Meteor.cpp">
      <Filter>02.GameObjects\05. Character\01. Monster\01. Boss\01. Phantom\02. Meteor</Filter>
    </ClCompile>
  </ItemGroup>
  <ItemGroup>
    <Image Include="Client.ico">
      <Filter>98.Default</Filter>
    </Image>
    <Image Include="small.ico">
      <Filter>98.Default</Filter>
    </Image>
  </ItemGroup>
  <ItemGroup>
    <ResourceCompile Include="Client.rc">
      <Filter>98.Default</Filter>
    </ResourceCompile>
  </ItemGroup>
  <ItemGroup>
    <Text Include="ReadMe.txt">
      <Filter>98.Default</Filter>
    </Text>
  </ItemGroup>
  <ItemGroup>
    <FxCompile Include="..\Bin\ShaderFiles\Shader_VtxAnimMesh.hlsl">
      <Filter>94. Shader</Filter>
    </FxCompile>
    <FxCompile Include="..\Bin\ShaderFiles\Shader_VtxMesh.hlsl">
      <Filter>94. Shader</Filter>
    </FxCompile>
    <FxCompile Include="..\Bin\ShaderFiles\Shader_VtxPosTex.hlsl">
      <Filter>94. Shader</Filter>
    </FxCompile>
    <FxCompile Include="..\Bin\ShaderFiles\Shader_VtxCube.hlsl">
      <Filter>94. Shader</Filter>
    </FxCompile>
    <FxCompile Include="..\Bin\ShaderFiles\Shader_VtxParticleRect.hlsl">
      <Filter>94. Shader</Filter>
    </FxCompile>
    <FxCompile Include="..\Bin\ShaderFiles\Shader_VtxMeshInstancing.hlsl">
      <Filter>94. Shader</Filter>
    </FxCompile>
    <FxCompile Include="..\Bin\ShaderFiles\Shader_VtxTerrain.hlsl">
      <Filter>94. Shader</Filter>
    </FxCompile>
  </ItemGroup>
</Project>