<?xml version="1.0" encoding="utf-8"?>
<Project ToolsVersion="4.0" xmlns="http://schemas.microsoft.com/developer/msbuild/2003">
  <ItemGroup>
    <Filter Include="98.Default">
      <UniqueIdentifier>{c8fc70c9-4562-44c8-adee-b81493838b19}</UniqueIdentifier>
    </Filter>
    <Filter Include="99.Defines">
      <UniqueIdentifier>{256bc7ed-2d60-4917-8de6-df2f9e1003c8}</UniqueIdentifier>
    </Filter>
    <Filter Include="00.MainApp">
      <UniqueIdentifier>{2cfdbdba-d09d-4d9f-9f66-5e12443d9a69}</UniqueIdentifier>
    </Filter>
    <Filter Include="01.Levels">
      <UniqueIdentifier>{ccdf561b-f7b0-49d5-a8ae-5f83b27eb9d0}</UniqueIdentifier>
    </Filter>
    <Filter Include="01.Levels\00.Logo">
      <UniqueIdentifier>{8c8088f3-2d4d-4a84-b750-2f95237c0cd4}</UniqueIdentifier>
    </Filter>
    <Filter Include="01.Levels\01.GamePlay">
      <UniqueIdentifier>{5d3cbd83-1b7f-4854-902e-19363eebda3a}</UniqueIdentifier>
    </Filter>
    <Filter Include="01.Levels\99.Loading">
      <UniqueIdentifier>{c592615f-8e52-4bcb-8aa4-531b29f548fd}</UniqueIdentifier>
    </Filter>
    <Filter Include="01.Levels\99.Loading\Loader">
      <UniqueIdentifier>{e392c2b5-5a93-41cd-9971-3527a5924eae}</UniqueIdentifier>
    </Filter>
    <Filter Include="02.GameObjects">
      <UniqueIdentifier>{f4ef5773-1c76-425c-b19e-509c54dbffe7}</UniqueIdentifier>
    </Filter>
    <Filter Include="97. ImGui">
      <UniqueIdentifier>{49384f32-cdba-4959-9c8a-6d7f24a83884}</UniqueIdentifier>
    </Filter>
    <Filter Include="96. Manager">
      <UniqueIdentifier>{e218ba16-43d0-45e0-9b5c-1d937b907dac}</UniqueIdentifier>
    </Filter>
    <Filter Include="96. Manager\00. ImGuiMgr">
      <UniqueIdentifier>{b82c6a28-bf8b-4e23-8951-5997bf823805}</UniqueIdentifier>
    </Filter>
    <Filter Include="02.GameObjects\99. Test">
      <UniqueIdentifier>{d1ff858a-9de4-4a17-8faf-670dd06b6bf7}</UniqueIdentifier>
    </Filter>
    <Filter Include="94. Shader">
      <UniqueIdentifier>{c0cbb75d-9771-4660-9b58-950ec7f6b3b4}</UniqueIdentifier>
    </Filter>
    <Filter Include="95. State">
      <UniqueIdentifier>{0c9d683e-0066-45fa-8fdf-5c24b4594550}</UniqueIdentifier>
    </Filter>
    <Filter Include="95. State\00. StatMachine_State">
      <UniqueIdentifier>{bac87846-2803-44ec-9bc7-dbc904e9d306}</UniqueIdentifier>
    </Filter>
    <Filter Include="95. State\00. StatMachine_State\99.Test">
      <UniqueIdentifier>{003c3435-775a-4b58-b16e-b7610e111840}</UniqueIdentifier>
    </Filter>
    <Filter Include="95. State\00. StatMachine_State\99.Test\00. Test_State1">
      <UniqueIdentifier>{3ad95cf9-90e6-4cfe-84f2-2ef55de41265}</UniqueIdentifier>
    </Filter>
    <Filter Include="95. State\00. StatMachine_State\99.Test\01. Test_State2">
      <UniqueIdentifier>{1fcf2fb1-42e9-487d-945b-01500ef60bb6}</UniqueIdentifier>
    </Filter>
    <Filter Include="95. State\01. Tree_State">
      <UniqueIdentifier>{8ae28fda-72d2-4a8c-9298-9ccdd4a2fe24}</UniqueIdentifier>
    </Filter>
    <Filter Include="95. State\01. Tree_State\99. TestAction">
      <UniqueIdentifier>{1f58f71f-0fac-4d88-9ba0-1a4b7c285278}</UniqueIdentifier>
    </Filter>
    <Filter Include="02.GameObjects\00. BackGround">
      <UniqueIdentifier>{65412f73-5474-4ca5-9ebb-a4726e9a606b}</UniqueIdentifier>
    </Filter>
    <Filter Include="02.GameObjects\01. Terrain">
      <UniqueIdentifier>{080be7b5-4f70-4d7a-b91c-2477aa2d82d0}</UniqueIdentifier>
    </Filter>
    <Filter Include="96. Manager\00. ImGuiMgr\00. ImGui_Window">
      <UniqueIdentifier>{2a34bfab-f31f-4bc6-8c02-c775cab1e40f}</UniqueIdentifier>
    </Filter>
    <Filter Include="02.GameObjects\02. Camera">
      <UniqueIdentifier>{4700ea63-7c21-4aec-8d72-c5ddf251871d}</UniqueIdentifier>
    </Filter>
    <Filter Include="02.GameObjects\02. Camera\00. DynamicCamera">
      <UniqueIdentifier>{1bf4af10-5513-466f-a220-9b27e556b546}</UniqueIdentifier>
    </Filter>
    <Filter Include="02.GameObjects\98. Demo">
      <UniqueIdentifier>{328f5b1e-8e06-41d8-a546-79690d9ef60b}</UniqueIdentifier>
    </Filter>
    <Filter Include="02.GameObjects\98. Demo\00. Terrain">
      <UniqueIdentifier>{2ce697e0-d493-4b05-956a-209a3b41de42}</UniqueIdentifier>
    </Filter>
    <Filter Include="01.Levels\98. Tool">
      <UniqueIdentifier>{355bc8f2-fec5-4df6-a523-a62e10252c6b}</UniqueIdentifier>
    </Filter>
    <Filter Include="96. Manager\00. ImGuiMgr\00. ImGui_Window\00. Terrain_Window">
      <UniqueIdentifier>{796bacf9-694a-4c84-9f29-d13cfcdfb860}</UniqueIdentifier>
    </Filter>
    <Filter Include="96. Manager\00. ImGuiMgr\00. ImGui_Window\01. Camera_Window">
      <UniqueIdentifier>{6a2b4e37-d078-4dcf-b5b1-4f09fafab680}</UniqueIdentifier>
    </Filter>
    <Filter Include="02.GameObjects\98. Demo\01. ObjectMesh">
      <UniqueIdentifier>{0b9b1f49-8951-4384-b03d-7d2f4c08e2d5}</UniqueIdentifier>
    </Filter>
    <Filter Include="02.GameObjects\98. Demo\00. Terrain\00. Mark">
      <UniqueIdentifier>{ff21d118-ed70-4458-8d6c-59a4737110af}</UniqueIdentifier>
    </Filter>
    <Filter Include="96. Manager\00. ImGuiMgr\00. ImGui_Window\02. Object_Window">
      <UniqueIdentifier>{099afb02-5b3a-40ab-8585-4d6f99541685}</UniqueIdentifier>
    </Filter>
  </ItemGroup>
  <ItemGroup>
    <ClInclude Include="Client.h">
      <Filter>98.Default</Filter>
    </ClInclude>
    <ClInclude Include="Resource.h">
      <Filter>98.Default</Filter>
    </ClInclude>
    <ClInclude Include="stdafx.h">
      <Filter>98.Default</Filter>
    </ClInclude>
    <ClInclude Include="targetver.h">
      <Filter>98.Default</Filter>
    </ClInclude>
    <ClInclude Include="..\Public\Client_Defines.h">
      <Filter>99.Defines</Filter>
    </ClInclude>
    <ClInclude Include="..\public\MainApp.h">
      <Filter>00.MainApp</Filter>
    </ClInclude>
    <ClInclude Include="..\public\Level_Logo.h">
      <Filter>01.Levels\00.Logo</Filter>
    </ClInclude>
    <ClInclude Include="..\Public\Level_GamePlay.h">
      <Filter>01.Levels\01.GamePlay</Filter>
    </ClInclude>
    <ClInclude Include="..\Public\Level_Loading.h">
      <Filter>01.Levels\99.Loading</Filter>
    </ClInclude>
    <ClInclude Include="..\public\Loader.h">
      <Filter>01.Levels\99.Loading\Loader</Filter>
    </ClInclude>
    <ClInclude Include="..\public\BackGround.h">
      <Filter>02.GameObjects\00. BackGround</Filter>
    </ClInclude>
    <ClInclude Include="..\Public\ImGuiMgr.h">
      <Filter>96. Manager\00. ImGuiMgr</Filter>
    </ClInclude>
    <ClInclude Include="..\Public\GameObject_Test.h">
      <Filter>02.GameObjects\99. Test</Filter>
    </ClInclude>
    <ClInclude Include="..\Public\Test_State1.h">
      <Filter>95. State\00. StatMachine_State\99.Test\00. Test_State1</Filter>
    </ClInclude>
    <ClInclude Include="..\Public\Test_State2.h">
      <Filter>95. State\00. StatMachine_State\99.Test\01. Test_State2</Filter>
    </ClInclude>
    <ClInclude Include="..\Public\TestAction.h">
      <Filter>95. State\01. Tree_State\99. TestAction</Filter>
    </ClInclude>
    <ClInclude Include="..\Public\Terrain.h">
      <Filter>02.GameObjects\01. Terrain</Filter>
    </ClInclude>
    <ClInclude Include="..\Public\ImGui_Window.h">
      <Filter>96. Manager\00. ImGuiMgr\00. ImGui_Window</Filter>
    </ClInclude>
    <ClInclude Include="..\Public\DynamicCamera.h">
      <Filter>02.GameObjects\02. Camera\00. DynamicCamera</Filter>
    </ClInclude>
    <ClInclude Include="..\Public\Terrain_Demo.h">
      <Filter>02.GameObjects\98. Demo\00. Terrain</Filter>
    </ClInclude>
    <ClInclude Include="..\Public\Level_Tool.h">
      <Filter>01.Levels\98. Tool</Filter>
    </ClInclude>
    <ClInclude Include="..\Public\Terrain_Window.h">
      <Filter>96. Manager\00. ImGuiMgr\00. ImGui_Window\00. Terrain_Window</Filter>
    </ClInclude>
    <ClInclude Include="..\Imgui\imconfig.h">
      <Filter>97. ImGui</Filter>
    </ClInclude>
    <ClInclude Include="..\Imgui\imgui.h">
      <Filter>97. ImGui</Filter>
    </ClInclude>
    <ClInclude Include="..\Imgui\imgui_impl_dx11.h">
      <Filter>97. ImGui</Filter>
    </ClInclude>
    <ClInclude Include="..\Imgui\imgui_impl_win32.h">
      <Filter>97. ImGui</Filter>
    </ClInclude>
    <ClInclude Include="..\Imgui\imgui_internal.h">
      <Filter>97. ImGui</Filter>
    </ClInclude>
    <ClInclude Include="..\Imgui\imstb_rectpack.h">
      <Filter>97. ImGui</Filter>
    </ClInclude>
    <ClInclude Include="..\Imgui\imstb_textedit.h">
      <Filter>97. ImGui</Filter>
    </ClInclude>
    <ClInclude Include="..\Imgui\imstb_truetype.h">
      <Filter>97. ImGui</Filter>
    </ClInclude>
    <ClInclude Include="..\Public\Camera_Window.h">
      <Filter>96. Manager\00. ImGuiMgr\00. ImGui_Window\01. Camera_Window</Filter>
    </ClInclude>
    <ClInclude Include="..\Public\ObjectMesh_Demo.h">
      <Filter>02.GameObjects\98. Demo\01. ObjectMesh</Filter>
    </ClInclude>
    <ClInclude Include="..\Public\Demo.h">
      <Filter>02.GameObjects\98. Demo</Filter>
    </ClInclude>
    <ClInclude Include="..\Public\Mark.h">
      <Filter>02.GameObjects\98. Demo\00. Terrain\00. Mark</Filter>
    </ClInclude>
    <ClInclude Include="..\Public\Object_Window.h">
      <Filter>96. Manager\00. ImGuiMgr\00. ImGui_Window\02. Object_Window</Filter>
    </ClInclude>
  </ItemGroup>
  <ItemGroup>
    <ClCompile Include="Client.cpp">
      <Filter>98.Default</Filter>
    </ClCompile>
    <ClCompile Include="stdafx.cpp">
      <Filter>98.Default</Filter>
    </ClCompile>
    <ClCompile Include="..\private\MainApp.cpp">
      <Filter>00.MainApp</Filter>
    </ClCompile>
    <ClCompile Include="..\private\Level_Logo.cpp">
      <Filter>01.Levels\00.Logo</Filter>
    </ClCompile>
    <ClCompile Include="..\Private\Level_GamePlay.cpp">
      <Filter>01.Levels\01.GamePlay</Filter>
    </ClCompile>
    <ClCompile Include="..\Private\Level_Loading.cpp">
      <Filter>01.Levels\99.Loading</Filter>
    </ClCompile>
    <ClCompile Include="..\private\Loader.cpp">
      <Filter>01.Levels\99.Loading\Loader</Filter>
    </ClCompile>
    <ClCompile Include="..\private\BackGround.cpp">
      <Filter>02.GameObjects\00. BackGround</Filter>
    </ClCompile>
    <ClCompile Include="..\Private\ImGuiMgr.cpp">
      <Filter>96. Manager\00. ImGuiMgr</Filter>
    </ClCompile>
    <ClCompile Include="..\Private\GameObject_Test.cpp">
      <Filter>02.GameObjects\99. Test</Filter>
    </ClCompile>
    <ClCompile Include="..\Private\Test_State1.cpp">
      <Filter>95. State\00. StatMachine_State\99.Test\00. Test_State1</Filter>
    </ClCompile>
    <ClCompile Include="..\Private\Test_State2.cpp">
      <Filter>95. State\00. StatMachine_State\99.Test\01. Test_State2</Filter>
    </ClCompile>
    <ClCompile Include="..\Private\TestAction.cpp">
      <Filter>95. State\01. Tree_State\99. TestAction</Filter>
    </ClCompile>
    <ClCompile Include="..\Private\Terrain.cpp">
      <Filter>02.GameObjects\01. Terrain</Filter>
    </ClCompile>
    <ClCompile Include="..\Private\ImGui_Window.cpp">
      <Filter>96. Manager\00. ImGuiMgr\00. ImGui_Window</Filter>
    </ClCompile>
    <ClCompile Include="..\Private\DynamicCamera.cpp">
      <Filter>02.GameObjects\02. Camera\00. DynamicCamera</Filter>
    </ClCompile>
    <ClCompile Include="..\Private\Terrain_Demo.cpp">
      <Filter>02.GameObjects\98. Demo\00. Terrain</Filter>
    </ClCompile>
    <ClCompile Include="..\Private\Level_Tool.cpp">
      <Filter>01.Levels\98. Tool</Filter>
    </ClCompile>
    <ClCompile Include="..\Private\Terrain_Window.cpp">
      <Filter>96. Manager\00. ImGuiMgr\00. ImGui_Window\00. Terrain_Window</Filter>
    </ClCompile>
    <ClCompile Include="..\Imgui\imgui.cpp">
      <Filter>97. ImGui</Filter>
    </ClCompile>
    <ClCompile Include="..\Imgui\imgui_demo.cpp">
      <Filter>97. ImGui</Filter>
    </ClCompile>
    <ClCompile Include="..\Imgui\imgui_draw.cpp">
      <Filter>97. ImGui</Filter>
    </ClCompile>
    <ClCompile Include="..\Imgui\imgui_impl_dx11.cpp">
      <Filter>97. ImGui</Filter>
    </ClCompile>
    <ClCompile Include="..\Imgui\imgui_impl_win32.cpp">
      <Filter>97. ImGui</Filter>
    </ClCompile>
    <ClCompile Include="..\Imgui\imgui_tables.cpp">
      <Filter>97. ImGui</Filter>
    </ClCompile>
    <ClCompile Include="..\Imgui\imgui_widgets.cpp">
      <Filter>97. ImGui</Filter>
    </ClCompile>
    <ClCompile Include="..\Private\Camera_Window.cpp">
      <Filter>96. Manager\00. ImGuiMgr\00. ImGui_Window\01. Camera_Window</Filter>
    </ClCompile>
    <ClCompile Include="..\Private\ObjectMesh_Demo.cpp">
      <Filter>02.GameObjects\98. Demo\01. ObjectMesh</Filter>
    </ClCompile>
    <ClCompile Include="..\Private\Demo.cpp">
      <Filter>02.GameObjects\98. Demo</Filter>
    </ClCompile>
    <ClCompile Include="..\Private\Mark.cpp">
      <Filter>02.GameObjects\98. Demo\00. Terrain\00. Mark</Filter>
    </ClCompile>
    <ClCompile Include="..\Private\Object_Window.cpp">
      <Filter>96. Manager\00. ImGuiMgr\00. ImGui_Window\02. Object_Window</Filter>
    </ClCompile>
  </ItemGroup>
  <ItemGroup>
    <Image Include="Client.ico">
      <Filter>98.Default</Filter>
    </Image>
    <Image Include="small.ico">
      <Filter>98.Default</Filter>
    </Image>
  </ItemGroup>
  <ItemGroup>
    <ResourceCompile Include="Client.rc">
      <Filter>98.Default</Filter>
    </ResourceCompile>
  </ItemGroup>
  <ItemGroup>
    <Text Include="ReadMe.txt">
      <Filter>98.Default</Filter>
    </Text>
  </ItemGroup>
  <ItemGroup>
    <FxCompile Include="..\Bin\Export\Debug\x64\ShaderFiles\Shader_VtxPosTex.hlsl">
      <Filter>94. Shader</Filter>
    </FxCompile>
    <FxCompile Include="..\Bin\Export\Debug\x64\ShaderFiles\Shader_VtxTBN.hlsl">
      <Filter>94. Shader</Filter>
    </FxCompile>
    <FxCompile Include="..\Bin\Export\Debug\x64\ShaderFiles\Shader_VtxNorTex.hlsl">
      <Filter>94. Shader</Filter>
    </FxCompile>
  </ItemGroup>
</Project>